// !$*UTF8*$!
{
	archiveVersion = 1;
	classes = {
	};
	objectVersion = 50;
	objects = {

/* Begin PBXBuildFile section */
		50020BB024064869003D4025 /* AppDelegate.swift in Sources */ = {isa = PBXBuildFile; fileRef = 50020BAF24064869003D4025 /* AppDelegate.swift */; };
		5018F54F24064786002EB505 /* Notifier.swift in Sources */ = {isa = PBXBuildFile; fileRef = 5018F54E24064786002EB505 /* Notifier.swift */; };
		50524B442420969E008DBD97 /* OpenSSHWriterTests.swift in Sources */ = {isa = PBXBuildFile; fileRef = 50524B432420969D008DBD97 /* OpenSSHWriterTests.swift */; };
		50617D8323FCE48E0099B055 /* AppDelegate.swift in Sources */ = {isa = PBXBuildFile; fileRef = 50617D8223FCE48E0099B055 /* AppDelegate.swift */; };
		50617D8523FCE48E0099B055 /* ContentView.swift in Sources */ = {isa = PBXBuildFile; fileRef = 50617D8423FCE48E0099B055 /* ContentView.swift */; };
		50617D8723FCE48E0099B055 /* Assets.xcassets in Resources */ = {isa = PBXBuildFile; fileRef = 50617D8623FCE48E0099B055 /* Assets.xcassets */; };
		50617D8A23FCE48E0099B055 /* Preview Assets.xcassets in Resources */ = {isa = PBXBuildFile; fileRef = 50617D8923FCE48E0099B055 /* Preview Assets.xcassets */; };
		50617D8D23FCE48E0099B055 /* Main.storyboard in Resources */ = {isa = PBXBuildFile; fileRef = 50617D8B23FCE48E0099B055 /* Main.storyboard */; };
		50617D9923FCE48E0099B055 /* SecretiveTests.swift in Sources */ = {isa = PBXBuildFile; fileRef = 50617D9823FCE48E0099B055 /* SecretiveTests.swift */; };
		50617DB123FCE4AB0099B055 /* SecretKit.framework in Frameworks */ = {isa = PBXBuildFile; fileRef = 50617DA823FCE4AB0099B055 /* SecretKit.framework */; };
		50617DBA23FCE4AB0099B055 /* SecretKit.h in Headers */ = {isa = PBXBuildFile; fileRef = 50617DAA23FCE4AB0099B055 /* SecretKit.h */; settings = {ATTRIBUTES = (Public, ); }; };
		50617DBD23FCE4AB0099B055 /* SecretKit.framework in Frameworks */ = {isa = PBXBuildFile; fileRef = 50617DA823FCE4AB0099B055 /* SecretKit.framework */; };
		50617DBE23FCE4AB0099B055 /* SecretKit.framework in Embed Frameworks */ = {isa = PBXBuildFile; fileRef = 50617DA823FCE4AB0099B055 /* SecretKit.framework */; settings = {ATTRIBUTES = (CodeSignOnCopy, RemoveHeadersOnCopy, ); }; };
		50617DC723FCE4EA0099B055 /* SecretStore.swift in Sources */ = {isa = PBXBuildFile; fileRef = 50617DC623FCE4EA0099B055 /* SecretStore.swift */; };
		50617DC923FCE50E0099B055 /* SecureEnclaveStore.swift in Sources */ = {isa = PBXBuildFile; fileRef = 50617DC823FCE50E0099B055 /* SecureEnclaveStore.swift */; };
		50617DCB23FCECA10099B055 /* Secret.swift in Sources */ = {isa = PBXBuildFile; fileRef = 50617DCA23FCECA10099B055 /* Secret.swift */; };
		50617DCE23FCECFA0099B055 /* SecureEnclaveSecret.swift in Sources */ = {isa = PBXBuildFile; fileRef = 50617DCD23FCECFA0099B055 /* SecureEnclaveSecret.swift */; };
		50617DD023FCED2C0099B055 /* SecureEnclave.swift in Sources */ = {isa = PBXBuildFile; fileRef = 50617DCF23FCED2C0099B055 /* SecureEnclave.swift */; };
		50617DD223FCEFA90099B055 /* PreviewStore.swift in Sources */ = {isa = PBXBuildFile; fileRef = 50617DD123FCEFA90099B055 /* PreviewStore.swift */; };
		506772C72424784600034DED /* Credits.rtf in Resources */ = {isa = PBXBuildFile; fileRef = 506772C62424784600034DED /* Credits.rtf */; };
		5068389E241471CD00F55094 /* SecretStoreList.swift in Sources */ = {isa = PBXBuildFile; fileRef = 5068389D241471CD00F55094 /* SecretStoreList.swift */; };
		506838A12415EA5600F55094 /* AnySecret.swift in Sources */ = {isa = PBXBuildFile; fileRef = 506838A02415EA5600F55094 /* AnySecret.swift */; };
		506838A32415EA5D00F55094 /* AnySecretStore.swift in Sources */ = {isa = PBXBuildFile; fileRef = 506838A22415EA5D00F55094 /* AnySecretStore.swift */; };
		506AB87E2412334700335D91 /* SecretAgent.app in CopyFiles */ = {isa = PBXBuildFile; fileRef = 50A3B78A24026B7500D209EA /* SecretAgent.app */; settings = {ATTRIBUTES = (RemoveHeadersOnCopy, ); }; };
		50731666241DF8660023809E /* Updater.swift in Sources */ = {isa = PBXBuildFile; fileRef = 50731665241DF8660023809E /* Updater.swift */; };
		50731669241E00C20023809E /* NoticeView.swift in Sources */ = {isa = PBXBuildFile; fileRef = 50731668241E00C20023809E /* NoticeView.swift */; };
		507CE4ED2420A3C70029F750 /* Agent.swift in Sources */ = {isa = PBXBuildFile; fileRef = 50A3B79F24026B9900D209EA /* Agent.swift */; };
		507CE4EE2420A3CA0029F750 /* SocketController.swift in Sources */ = {isa = PBXBuildFile; fileRef = 50A3B79D24026B9900D209EA /* SocketController.swift */; };
		507CE4F02420A4C50029F750 /* SigningWitness.swift in Sources */ = {isa = PBXBuildFile; fileRef = 507CE4EF2420A4C50029F750 /* SigningWitness.swift */; };
		507CE4F42420A8C10029F750 /* SigningRequestProvenance.swift in Sources */ = {isa = PBXBuildFile; fileRef = 507CE4F32420A8C10029F750 /* SigningRequestProvenance.swift */; };
		507CE4F62420A96F0029F750 /* SigningRequestTracer.swift in Sources */ = {isa = PBXBuildFile; fileRef = 507CE4F52420A96F0029F750 /* SigningRequestTracer.swift */; };
		508A58AA241E06B40069DC07 /* PreviewUpdater.swift in Sources */ = {isa = PBXBuildFile; fileRef = 508A58A9241E06B40069DC07 /* PreviewUpdater.swift */; };
		508A58B3241ED2180069DC07 /* AgentStatusChecker.swift in Sources */ = {isa = PBXBuildFile; fileRef = 508A58B2241ED2180069DC07 /* AgentStatusChecker.swift */; };
		508A58B5241ED48F0069DC07 /* PreviewAgentStatusChecker.swift in Sources */ = {isa = PBXBuildFile; fileRef = 508A58B4241ED48F0069DC07 /* PreviewAgentStatusChecker.swift */; };
		508A5911241EF09C0069DC07 /* SecretAgentKit.framework in CopyFiles */ = {isa = PBXBuildFile; fileRef = 5099A06C240242BA0062B6F2 /* SecretAgentKit.framework */; settings = {ATTRIBUTES = (CodeSignOnCopy, RemoveHeadersOnCopy, ); }; };
		508A5913241EF0B20069DC07 /* SecretKit.framework in CopyFiles */ = {isa = PBXBuildFile; fileRef = 50617DA823FCE4AB0099B055 /* SecretKit.framework */; settings = {ATTRIBUTES = (CodeSignOnCopy, RemoveHeadersOnCopy, ); }; };
		5099A02423FD2AAA0062B6F2 /* CreateSecretView.swift in Sources */ = {isa = PBXBuildFile; fileRef = 5099A02323FD2AAA0062B6F2 /* CreateSecretView.swift */; };
		5099A02723FE34FA0062B6F2 /* SmartCard.swift in Sources */ = {isa = PBXBuildFile; fileRef = 5099A02623FE34FA0062B6F2 /* SmartCard.swift */; };
		5099A02923FE35240062B6F2 /* SmartCardStore.swift in Sources */ = {isa = PBXBuildFile; fileRef = 5099A02823FE35240062B6F2 /* SmartCardStore.swift */; };
		5099A02B23FE352C0062B6F2 /* SmartCardSecret.swift in Sources */ = {isa = PBXBuildFile; fileRef = 5099A02A23FE352C0062B6F2 /* SmartCardSecret.swift */; };
		5099A02E23FE56E10062B6F2 /* OpenSSHKeyWriter.swift in Sources */ = {isa = PBXBuildFile; fileRef = 5099A02D23FE56E10062B6F2 /* OpenSSHKeyWriter.swift */; };
		5099A075240242BA0062B6F2 /* SecretAgentKit.framework in Frameworks */ = {isa = PBXBuildFile; fileRef = 5099A06C240242BA0062B6F2 /* SecretAgentKit.framework */; };
		5099A07C240242BA0062B6F2 /* SecretAgentKitTests.swift in Sources */ = {isa = PBXBuildFile; fileRef = 5099A07B240242BA0062B6F2 /* SecretAgentKitTests.swift */; };
		5099A07E240242BA0062B6F2 /* SecretAgentKit.h in Headers */ = {isa = PBXBuildFile; fileRef = 5099A06E240242BA0062B6F2 /* SecretAgentKit.h */; settings = {ATTRIBUTES = (Public, ); }; };
		5099A08A240242C20062B6F2 /* SSHAgentProtocol.swift in Sources */ = {isa = PBXBuildFile; fileRef = 5099A089240242C20062B6F2 /* SSHAgentProtocol.swift */; };
		50A3B79124026B7600D209EA /* Assets.xcassets in Resources */ = {isa = PBXBuildFile; fileRef = 50A3B79024026B7600D209EA /* Assets.xcassets */; };
		50A3B79424026B7600D209EA /* Preview Assets.xcassets in Resources */ = {isa = PBXBuildFile; fileRef = 50A3B79324026B7600D209EA /* Preview Assets.xcassets */; };
		50A3B79724026B7600D209EA /* Main.storyboard in Resources */ = {isa = PBXBuildFile; fileRef = 50A3B79524026B7600D209EA /* Main.storyboard */; };
		50A5C18C240E4B4B00E2996C /* SecretAgentKit.framework in Frameworks */ = {isa = PBXBuildFile; fileRef = 5099A06C240242BA0062B6F2 /* SecretAgentKit.framework */; };
		50A5C18D240E4B4B00E2996C /* SecretAgentKit.framework in Embed Frameworks */ = {isa = PBXBuildFile; fileRef = 5099A06C240242BA0062B6F2 /* SecretAgentKit.framework */; settings = {ATTRIBUTES = (CodeSignOnCopy, RemoveHeadersOnCopy, ); }; };
		50A5C18F240E4B4C00E2996C /* SecretKit.framework in Frameworks */ = {isa = PBXBuildFile; fileRef = 50617DA823FCE4AB0099B055 /* SecretKit.framework */; };
		50A5C190240E4B4C00E2996C /* SecretKit.framework in Embed Frameworks */ = {isa = PBXBuildFile; fileRef = 50617DA823FCE4AB0099B055 /* SecretKit.framework */; settings = {ATTRIBUTES = (CodeSignOnCopy, RemoveHeadersOnCopy, ); }; };
		50B8550D24138C4F009958AC /* DeleteSecretView.swift in Sources */ = {isa = PBXBuildFile; fileRef = 50B8550C24138C4F009958AC /* DeleteSecretView.swift */; };
		50BB046B2418AAAE00D6E079 /* EmptyStoreView.swift in Sources */ = {isa = PBXBuildFile; fileRef = 50BB046A2418AAAE00D6E079 /* EmptyStoreView.swift */; };
		50C385A3240789E600AF2719 /* OpenSSHReader.swift in Sources */ = {isa = PBXBuildFile; fileRef = 50C385A2240789E600AF2719 /* OpenSSHReader.swift */; };
		50C385A52407A76D00AF2719 /* SecretDetailView.swift in Sources */ = {isa = PBXBuildFile; fileRef = 50C385A42407A76D00AF2719 /* SecretDetailView.swift */; };
		50C385A9240B636500AF2719 /* SetupView.swift in Sources */ = {isa = PBXBuildFile; fileRef = 50C385A8240B636500AF2719 /* SetupView.swift */; };
/* End PBXBuildFile section */

/* Begin PBXContainerItemProxy section */
		5018F5482402736A002EB505 /* PBXContainerItemProxy */ = {
			isa = PBXContainerItemProxy;
			containerPortal = 50617D7723FCE48D0099B055 /* Project object */;
			proxyType = 1;
			remoteGlobalIDString = 5099A06B240242BA0062B6F2;
			remoteInfo = SecretAgentKit;
		};
		5018F54A2402736A002EB505 /* PBXContainerItemProxy */ = {
			isa = PBXContainerItemProxy;
			containerPortal = 50617D7723FCE48D0099B055 /* Project object */;
			proxyType = 1;
			remoteGlobalIDString = 50617DA723FCE4AB0099B055;
			remoteInfo = SecretKit;
		};
		50617D9523FCE48E0099B055 /* PBXContainerItemProxy */ = {
			isa = PBXContainerItemProxy;
			containerPortal = 50617D7723FCE48D0099B055 /* Project object */;
			proxyType = 1;
			remoteGlobalIDString = 50617D7E23FCE48D0099B055;
			remoteInfo = Secretive;
		};
		50617DB223FCE4AB0099B055 /* PBXContainerItemProxy */ = {
			isa = PBXContainerItemProxy;
			containerPortal = 50617D7723FCE48D0099B055 /* Project object */;
			proxyType = 1;
			remoteGlobalIDString = 50617DA723FCE4AB0099B055;
			remoteInfo = SecretKit;
		};
		50617DBB23FCE4AB0099B055 /* PBXContainerItemProxy */ = {
			isa = PBXContainerItemProxy;
			containerPortal = 50617D7723FCE48D0099B055 /* Project object */;
			proxyType = 1;
			remoteGlobalIDString = 50617DA723FCE4AB0099B055;
			remoteInfo = SecretKit;
		};
		507CE4F12420A6B50029F750 /* PBXContainerItemProxy */ = {
			isa = PBXContainerItemProxy;
			containerPortal = 50617D7723FCE48D0099B055 /* Project object */;
			proxyType = 1;
			remoteGlobalIDString = 50617DA723FCE4AB0099B055;
			remoteInfo = SecretKit;
		};
		5099A076240242BA0062B6F2 /* PBXContainerItemProxy */ = {
			isa = PBXContainerItemProxy;
			containerPortal = 50617D7723FCE48D0099B055 /* Project object */;
			proxyType = 1;
			remoteGlobalIDString = 5099A06B240242BA0062B6F2;
			remoteInfo = SecretAgentKit;
		};
/* End PBXContainerItemProxy section */

/* Begin PBXCopyFilesBuildPhase section */
		50617DBF23FCE4AB0099B055 /* Embed Frameworks */ = {
			isa = PBXCopyFilesBuildPhase;
			buildActionMask = 2147483647;
			dstPath = "";
			dstSubfolderSpec = 10;
			files = (
				50617DBE23FCE4AB0099B055 /* SecretKit.framework in Embed Frameworks */,
			);
			name = "Embed Frameworks";
			runOnlyForDeploymentPostprocessing = 0;
		};
		508A5910241EF0920069DC07 /* CopyFiles */ = {
			isa = PBXCopyFilesBuildPhase;
			buildActionMask = 2147483647;
			dstPath = "";
			dstSubfolderSpec = 10;
			files = (
				508A5911241EF09C0069DC07 /* SecretAgentKit.framework in CopyFiles */,
			);
			runOnlyForDeploymentPostprocessing = 0;
		};
		508A5912241EF0AC0069DC07 /* CopyFiles */ = {
			isa = PBXCopyFilesBuildPhase;
			buildActionMask = 2147483647;
			dstPath = "";
			dstSubfolderSpec = 10;
			files = (
				508A5913241EF0B20069DC07 /* SecretKit.framework in CopyFiles */,
			);
			runOnlyForDeploymentPostprocessing = 0;
		};
		50A5C18E240E4B4B00E2996C /* Embed Frameworks */ = {
			isa = PBXCopyFilesBuildPhase;
			buildActionMask = 2147483647;
			dstPath = "";
			dstSubfolderSpec = 10;
			files = (
				50A5C18D240E4B4B00E2996C /* SecretAgentKit.framework in Embed Frameworks */,
				50A5C190240E4B4C00E2996C /* SecretKit.framework in Embed Frameworks */,
			);
			name = "Embed Frameworks";
			runOnlyForDeploymentPostprocessing = 0;
		};
		50C385AF240E438B00AF2719 /* CopyFiles */ = {
			isa = PBXCopyFilesBuildPhase;
			buildActionMask = 2147483647;
			dstPath = Contents/Library/LoginItems;
			dstSubfolderSpec = 1;
			files = (
				506AB87E2412334700335D91 /* SecretAgent.app in CopyFiles */,
			);
			runOnlyForDeploymentPostprocessing = 0;
		};
/* End PBXCopyFilesBuildPhase section */

/* Begin PBXFileReference section */
		50020BAF24064869003D4025 /* AppDelegate.swift */ = {isa = PBXFileReference; fileEncoding = 4; lastKnownFileType = sourcecode.swift; path = AppDelegate.swift; sourceTree = "<group>"; };
		5018F54E24064786002EB505 /* Notifier.swift */ = {isa = PBXFileReference; lastKnownFileType = sourcecode.swift; path = Notifier.swift; sourceTree = "<group>"; };
		50524B432420969D008DBD97 /* OpenSSHWriterTests.swift */ = {isa = PBXFileReference; lastKnownFileType = sourcecode.swift; path = OpenSSHWriterTests.swift; sourceTree = "<group>"; };
		50617D7F23FCE48E0099B055 /* Secretive.app */ = {isa = PBXFileReference; explicitFileType = wrapper.application; includeInIndex = 0; path = Secretive.app; sourceTree = BUILT_PRODUCTS_DIR; };
		50617D8223FCE48E0099B055 /* AppDelegate.swift */ = {isa = PBXFileReference; lastKnownFileType = sourcecode.swift; path = AppDelegate.swift; sourceTree = "<group>"; };
		50617D8423FCE48E0099B055 /* ContentView.swift */ = {isa = PBXFileReference; lastKnownFileType = sourcecode.swift; path = ContentView.swift; sourceTree = "<group>"; };
		50617D8623FCE48E0099B055 /* Assets.xcassets */ = {isa = PBXFileReference; lastKnownFileType = folder.assetcatalog; path = Assets.xcassets; sourceTree = "<group>"; };
		50617D8923FCE48E0099B055 /* Preview Assets.xcassets */ = {isa = PBXFileReference; lastKnownFileType = folder.assetcatalog; path = "Preview Assets.xcassets"; sourceTree = "<group>"; };
		50617D8C23FCE48E0099B055 /* Base */ = {isa = PBXFileReference; lastKnownFileType = file.storyboard; name = Base; path = Base.lproj/Main.storyboard; sourceTree = "<group>"; };
		50617D8E23FCE48E0099B055 /* Info.plist */ = {isa = PBXFileReference; lastKnownFileType = text.plist.xml; path = Info.plist; sourceTree = "<group>"; };
		50617D8F23FCE48E0099B055 /* Secretive.entitlements */ = {isa = PBXFileReference; lastKnownFileType = text.plist.entitlements; path = Secretive.entitlements; sourceTree = "<group>"; };
		50617D9423FCE48E0099B055 /* SecretiveTests.xctest */ = {isa = PBXFileReference; explicitFileType = wrapper.cfbundle; includeInIndex = 0; path = SecretiveTests.xctest; sourceTree = BUILT_PRODUCTS_DIR; };
		50617D9823FCE48E0099B055 /* SecretiveTests.swift */ = {isa = PBXFileReference; lastKnownFileType = sourcecode.swift; path = SecretiveTests.swift; sourceTree = "<group>"; };
		50617D9A23FCE48E0099B055 /* Info.plist */ = {isa = PBXFileReference; lastKnownFileType = text.plist.xml; path = Info.plist; sourceTree = "<group>"; };
		50617DA823FCE4AB0099B055 /* SecretKit.framework */ = {isa = PBXFileReference; explicitFileType = wrapper.framework; includeInIndex = 0; path = SecretKit.framework; sourceTree = BUILT_PRODUCTS_DIR; };
		50617DAA23FCE4AB0099B055 /* SecretKit.h */ = {isa = PBXFileReference; lastKnownFileType = sourcecode.c.h; path = SecretKit.h; sourceTree = "<group>"; };
		50617DAB23FCE4AB0099B055 /* Info.plist */ = {isa = PBXFileReference; lastKnownFileType = text.plist.xml; path = Info.plist; sourceTree = "<group>"; };
		50617DB023FCE4AB0099B055 /* SecretKitTests.xctest */ = {isa = PBXFileReference; explicitFileType = wrapper.cfbundle; includeInIndex = 0; path = SecretKitTests.xctest; sourceTree = BUILT_PRODUCTS_DIR; };
		50617DB923FCE4AB0099B055 /* Info.plist */ = {isa = PBXFileReference; lastKnownFileType = text.plist.xml; path = Info.plist; sourceTree = "<group>"; };
		50617DC623FCE4EA0099B055 /* SecretStore.swift */ = {isa = PBXFileReference; lastKnownFileType = sourcecode.swift; path = SecretStore.swift; sourceTree = "<group>"; };
		50617DC823FCE50E0099B055 /* SecureEnclaveStore.swift */ = {isa = PBXFileReference; lastKnownFileType = sourcecode.swift; path = SecureEnclaveStore.swift; sourceTree = "<group>"; };
		50617DCA23FCECA10099B055 /* Secret.swift */ = {isa = PBXFileReference; lastKnownFileType = sourcecode.swift; path = Secret.swift; sourceTree = "<group>"; };
		50617DCD23FCECFA0099B055 /* SecureEnclaveSecret.swift */ = {isa = PBXFileReference; lastKnownFileType = sourcecode.swift; path = SecureEnclaveSecret.swift; sourceTree = "<group>"; };
		50617DCF23FCED2C0099B055 /* SecureEnclave.swift */ = {isa = PBXFileReference; lastKnownFileType = sourcecode.swift; path = SecureEnclave.swift; sourceTree = "<group>"; };
		50617DD123FCEFA90099B055 /* PreviewStore.swift */ = {isa = PBXFileReference; lastKnownFileType = sourcecode.swift; path = PreviewStore.swift; sourceTree = "<group>"; };
		506772C62424784600034DED /* Credits.rtf */ = {isa = PBXFileReference; lastKnownFileType = text.rtf; path = Credits.rtf; sourceTree = "<group>"; };
		5068389D241471CD00F55094 /* SecretStoreList.swift */ = {isa = PBXFileReference; lastKnownFileType = sourcecode.swift; path = SecretStoreList.swift; sourceTree = "<group>"; };
		506838A02415EA5600F55094 /* AnySecret.swift */ = {isa = PBXFileReference; lastKnownFileType = sourcecode.swift; path = AnySecret.swift; sourceTree = "<group>"; };
		506838A22415EA5D00F55094 /* AnySecretStore.swift */ = {isa = PBXFileReference; lastKnownFileType = sourcecode.swift; path = AnySecretStore.swift; sourceTree = "<group>"; };
		50731665241DF8660023809E /* Updater.swift */ = {isa = PBXFileReference; lastKnownFileType = sourcecode.swift; path = Updater.swift; sourceTree = "<group>"; };
		50731668241E00C20023809E /* NoticeView.swift */ = {isa = PBXFileReference; lastKnownFileType = sourcecode.swift; path = NoticeView.swift; sourceTree = "<group>"; };
		507CE4EF2420A4C50029F750 /* SigningWitness.swift */ = {isa = PBXFileReference; lastKnownFileType = sourcecode.swift; path = SigningWitness.swift; sourceTree = "<group>"; };
		507CE4F32420A8C10029F750 /* SigningRequestProvenance.swift */ = {isa = PBXFileReference; lastKnownFileType = sourcecode.swift; path = SigningRequestProvenance.swift; sourceTree = "<group>"; };
		507CE4F52420A96F0029F750 /* SigningRequestTracer.swift */ = {isa = PBXFileReference; lastKnownFileType = sourcecode.swift; path = SigningRequestTracer.swift; sourceTree = "<group>"; };
		508A58A9241E06B40069DC07 /* PreviewUpdater.swift */ = {isa = PBXFileReference; lastKnownFileType = sourcecode.swift; path = PreviewUpdater.swift; sourceTree = "<group>"; };
		508A58AB241E121B0069DC07 /* Config.xcconfig */ = {isa = PBXFileReference; lastKnownFileType = text.xcconfig; path = Config.xcconfig; sourceTree = "<group>"; };
		508A58B2241ED2180069DC07 /* AgentStatusChecker.swift */ = {isa = PBXFileReference; lastKnownFileType = sourcecode.swift; path = AgentStatusChecker.swift; sourceTree = "<group>"; };
		508A58B4241ED48F0069DC07 /* PreviewAgentStatusChecker.swift */ = {isa = PBXFileReference; lastKnownFileType = sourcecode.swift; path = PreviewAgentStatusChecker.swift; sourceTree = "<group>"; };
		508A590F241EEF6D0069DC07 /* Secretive.xctestplan */ = {isa = PBXFileReference; lastKnownFileType = text; path = Secretive.xctestplan; sourceTree = "<group>"; };
		5099A02323FD2AAA0062B6F2 /* CreateSecretView.swift */ = {isa = PBXFileReference; lastKnownFileType = sourcecode.swift; path = CreateSecretView.swift; sourceTree = "<group>"; };
		5099A02623FE34FA0062B6F2 /* SmartCard.swift */ = {isa = PBXFileReference; lastKnownFileType = sourcecode.swift; path = SmartCard.swift; sourceTree = "<group>"; };
		5099A02823FE35240062B6F2 /* SmartCardStore.swift */ = {isa = PBXFileReference; lastKnownFileType = sourcecode.swift; path = SmartCardStore.swift; sourceTree = "<group>"; };
		5099A02A23FE352C0062B6F2 /* SmartCardSecret.swift */ = {isa = PBXFileReference; lastKnownFileType = sourcecode.swift; path = SmartCardSecret.swift; sourceTree = "<group>"; };
		5099A02D23FE56E10062B6F2 /* OpenSSHKeyWriter.swift */ = {isa = PBXFileReference; lastKnownFileType = sourcecode.swift; path = OpenSSHKeyWriter.swift; sourceTree = "<group>"; };
		5099A06C240242BA0062B6F2 /* SecretAgentKit.framework */ = {isa = PBXFileReference; explicitFileType = wrapper.framework; includeInIndex = 0; path = SecretAgentKit.framework; sourceTree = BUILT_PRODUCTS_DIR; };
		5099A06E240242BA0062B6F2 /* SecretAgentKit.h */ = {isa = PBXFileReference; lastKnownFileType = sourcecode.c.h; path = SecretAgentKit.h; sourceTree = "<group>"; };
		5099A06F240242BA0062B6F2 /* Info.plist */ = {isa = PBXFileReference; lastKnownFileType = text.plist.xml; path = Info.plist; sourceTree = "<group>"; };
		5099A074240242BA0062B6F2 /* SecretAgentKitTests.xctest */ = {isa = PBXFileReference; explicitFileType = wrapper.cfbundle; includeInIndex = 0; path = SecretAgentKitTests.xctest; sourceTree = BUILT_PRODUCTS_DIR; };
		5099A07B240242BA0062B6F2 /* SecretAgentKitTests.swift */ = {isa = PBXFileReference; lastKnownFileType = sourcecode.swift; path = SecretAgentKitTests.swift; sourceTree = "<group>"; };
		5099A07D240242BA0062B6F2 /* Info.plist */ = {isa = PBXFileReference; lastKnownFileType = text.plist.xml; path = Info.plist; sourceTree = "<group>"; };
		5099A089240242C20062B6F2 /* SSHAgentProtocol.swift */ = {isa = PBXFileReference; lastKnownFileType = sourcecode.swift; path = SSHAgentProtocol.swift; sourceTree = "<group>"; };
		50A3B78A24026B7500D209EA /* SecretAgent.app */ = {isa = PBXFileReference; explicitFileType = wrapper.application; includeInIndex = 0; path = SecretAgent.app; sourceTree = BUILT_PRODUCTS_DIR; };
		50A3B79024026B7600D209EA /* Assets.xcassets */ = {isa = PBXFileReference; lastKnownFileType = folder.assetcatalog; path = Assets.xcassets; sourceTree = "<group>"; };
		50A3B79324026B7600D209EA /* Preview Assets.xcassets */ = {isa = PBXFileReference; lastKnownFileType = folder.assetcatalog; path = "Preview Assets.xcassets"; sourceTree = "<group>"; };
		50A3B79624026B7600D209EA /* Base */ = {isa = PBXFileReference; lastKnownFileType = file.storyboard; name = Base; path = Base.lproj/Main.storyboard; sourceTree = "<group>"; };
		50A3B79824026B7600D209EA /* Info.plist */ = {isa = PBXFileReference; lastKnownFileType = text.plist.xml; path = Info.plist; sourceTree = "<group>"; };
		50A3B79924026B7600D209EA /* SecretAgent.entitlements */ = {isa = PBXFileReference; lastKnownFileType = text.plist.entitlements; path = SecretAgent.entitlements; sourceTree = "<group>"; };
		50A3B79D24026B9900D209EA /* SocketController.swift */ = {isa = PBXFileReference; fileEncoding = 4; lastKnownFileType = sourcecode.swift; path = SocketController.swift; sourceTree = "<group>"; };
		50A3B79F24026B9900D209EA /* Agent.swift */ = {isa = PBXFileReference; fileEncoding = 4; lastKnownFileType = sourcecode.swift; path = Agent.swift; sourceTree = "<group>"; };
		50B8550C24138C4F009958AC /* DeleteSecretView.swift */ = {isa = PBXFileReference; fileEncoding = 4; lastKnownFileType = sourcecode.swift; path = DeleteSecretView.swift; sourceTree = "<group>"; };
		50BB046A2418AAAE00D6E079 /* EmptyStoreView.swift */ = {isa = PBXFileReference; lastKnownFileType = sourcecode.swift; path = EmptyStoreView.swift; sourceTree = "<group>"; };
		50C385A2240789E600AF2719 /* OpenSSHReader.swift */ = {isa = PBXFileReference; fileEncoding = 4; lastKnownFileType = sourcecode.swift; name = OpenSSHReader.swift; path = SecretKit/Common/OpenSSH/OpenSSHReader.swift; sourceTree = SOURCE_ROOT; };
		50C385A42407A76D00AF2719 /* SecretDetailView.swift */ = {isa = PBXFileReference; lastKnownFileType = sourcecode.swift; path = SecretDetailView.swift; sourceTree = "<group>"; };
		50C385A8240B636500AF2719 /* SetupView.swift */ = {isa = PBXFileReference; lastKnownFileType = sourcecode.swift; path = SetupView.swift; sourceTree = "<group>"; };
/* End PBXFileReference section */

/* Begin PBXFrameworksBuildPhase section */
		50617D7C23FCE48D0099B055 /* Frameworks */ = {
			isa = PBXFrameworksBuildPhase;
			buildActionMask = 2147483647;
			files = (
				50617DBD23FCE4AB0099B055 /* SecretKit.framework in Frameworks */,
			);
			runOnlyForDeploymentPostprocessing = 0;
		};
		50617D9123FCE48E0099B055 /* Frameworks */ = {
			isa = PBXFrameworksBuildPhase;
			buildActionMask = 2147483647;
			files = (
			);
			runOnlyForDeploymentPostprocessing = 0;
		};
		50617DA523FCE4AB0099B055 /* Frameworks */ = {
			isa = PBXFrameworksBuildPhase;
			buildActionMask = 2147483647;
			files = (
			);
			runOnlyForDeploymentPostprocessing = 0;
		};
		50617DAD23FCE4AB0099B055 /* Frameworks */ = {
			isa = PBXFrameworksBuildPhase;
			buildActionMask = 2147483647;
			files = (
				50617DB123FCE4AB0099B055 /* SecretKit.framework in Frameworks */,
			);
			runOnlyForDeploymentPostprocessing = 0;
		};
		5099A069240242BA0062B6F2 /* Frameworks */ = {
			isa = PBXFrameworksBuildPhase;
			buildActionMask = 2147483647;
			files = (
			);
			runOnlyForDeploymentPostprocessing = 0;
		};
		5099A071240242BA0062B6F2 /* Frameworks */ = {
			isa = PBXFrameworksBuildPhase;
			buildActionMask = 2147483647;
			files = (
				5099A075240242BA0062B6F2 /* SecretAgentKit.framework in Frameworks */,
			);
			runOnlyForDeploymentPostprocessing = 0;
		};
		50A3B78724026B7500D209EA /* Frameworks */ = {
			isa = PBXFrameworksBuildPhase;
			buildActionMask = 2147483647;
			files = (
				50A5C18C240E4B4B00E2996C /* SecretAgentKit.framework in Frameworks */,
				50A5C18F240E4B4C00E2996C /* SecretKit.framework in Frameworks */,
			);
			runOnlyForDeploymentPostprocessing = 0;
		};
/* End PBXFrameworksBuildPhase section */

/* Begin PBXGroup section */
		50617D7623FCE48D0099B055 = {
			isa = PBXGroup;
			children = (
				50617D8123FCE48E0099B055 /* Secretive */,
				50617D9723FCE48E0099B055 /* SecretiveTests */,
				50617DA923FCE4AB0099B055 /* SecretKit */,
				50617DB623FCE4AB0099B055 /* SecretKitTests */,
				50A3B78B24026B7500D209EA /* SecretAgent */,
				5099A06D240242BA0062B6F2 /* SecretAgentKit */,
				5099A07A240242BA0062B6F2 /* SecretAgentKitTests */,
				508A58AF241E144C0069DC07 /* Config */,
				50617D8023FCE48E0099B055 /* Products */,
				5099A08B240243730062B6F2 /* Frameworks */,
			);
			sourceTree = "<group>";
		};
		50617D8023FCE48E0099B055 /* Products */ = {
			isa = PBXGroup;
			children = (
				50617D7F23FCE48E0099B055 /* Secretive.app */,
				50617D9423FCE48E0099B055 /* SecretiveTests.xctest */,
				50617DA823FCE4AB0099B055 /* SecretKit.framework */,
				50617DB023FCE4AB0099B055 /* SecretKitTests.xctest */,
				5099A06C240242BA0062B6F2 /* SecretAgentKit.framework */,
				5099A074240242BA0062B6F2 /* SecretAgentKitTests.xctest */,
				50A3B78A24026B7500D209EA /* SecretAgent.app */,
			);
			name = Products;
			sourceTree = "<group>";
		};
		50617D8123FCE48E0099B055 /* Secretive */ = {
			isa = PBXGroup;
			children = (
				50617D8223FCE48E0099B055 /* AppDelegate.swift */,
				508A58B0241ED1C40069DC07 /* Views */,
				508A58B1241ED1EA0069DC07 /* Controllers */,
				50617D8623FCE48E0099B055 /* Assets.xcassets */,
				50617D8B23FCE48E0099B055 /* Main.storyboard */,
				50617D8E23FCE48E0099B055 /* Info.plist */,
				50617D8F23FCE48E0099B055 /* Secretive.entitlements */,
				506772C62424784600034DED /* Credits.rtf */,
				50617D8823FCE48E0099B055 /* Preview Content */,
			);
			path = Secretive;
			sourceTree = "<group>";
		};
		50617D8823FCE48E0099B055 /* Preview Content */ = {
			isa = PBXGroup;
			children = (
				50617D8923FCE48E0099B055 /* Preview Assets.xcassets */,
				50617DD123FCEFA90099B055 /* PreviewStore.swift */,
				508A58A9241E06B40069DC07 /* PreviewUpdater.swift */,
				508A58B4241ED48F0069DC07 /* PreviewAgentStatusChecker.swift */,
			);
			path = "Preview Content";
			sourceTree = "<group>";
		};
		50617D9723FCE48E0099B055 /* SecretiveTests */ = {
			isa = PBXGroup;
			children = (
				50617D9823FCE48E0099B055 /* SecretiveTests.swift */,
				50617D9A23FCE48E0099B055 /* Info.plist */,
			);
			path = SecretiveTests;
			sourceTree = "<group>";
		};
		50617DA923FCE4AB0099B055 /* SecretKit */ = {
			isa = PBXGroup;
			children = (
				50617DAA23FCE4AB0099B055 /* SecretKit.h */,
				50617DCA23FCECA10099B055 /* Secret.swift */,
				50617DC623FCE4EA0099B055 /* SecretStore.swift */,
				5099A02C23FE56D70062B6F2 /* Common */,
				50617DCC23FCECEE0099B055 /* SecureEnclave */,
				5099A02523FE34DE0062B6F2 /* SmartCard */,
				50617DAB23FCE4AB0099B055 /* Info.plist */,
			);
			path = SecretKit;
			sourceTree = "<group>";
		};
		50617DB623FCE4AB0099B055 /* SecretKitTests */ = {
			isa = PBXGroup;
			children = (
				50524B432420969D008DBD97 /* OpenSSHWriterTests.swift */,
				50617DB923FCE4AB0099B055 /* Info.plist */,
			);
			path = SecretKitTests;
			sourceTree = "<group>";
		};
		50617DCC23FCECEE0099B055 /* SecureEnclave */ = {
			isa = PBXGroup;
			children = (
				50617DCF23FCED2C0099B055 /* SecureEnclave.swift */,
				50617DCD23FCECFA0099B055 /* SecureEnclaveSecret.swift */,
				50617DC823FCE50E0099B055 /* SecureEnclaveStore.swift */,
			);
			path = SecureEnclave;
			sourceTree = "<group>";
		};
		5068389F2415EA4F00F55094 /* Erasers */ = {
			isa = PBXGroup;
			children = (
				506838A02415EA5600F55094 /* AnySecret.swift */,
				506838A22415EA5D00F55094 /* AnySecretStore.swift */,
			);
			path = Erasers;
			sourceTree = "<group>";
		};
		506838A42415EA6800F55094 /* OpenSSH */ = {
			isa = PBXGroup;
			children = (
				5099A02D23FE56E10062B6F2 /* OpenSSHKeyWriter.swift */,
				50C385A2240789E600AF2719 /* OpenSSHReader.swift */,
			);
			path = OpenSSH;
			sourceTree = "<group>";
		};
		508A58AF241E144C0069DC07 /* Config */ = {
			isa = PBXGroup;
			children = (
				508A590F241EEF6D0069DC07 /* Secretive.xctestplan */,
				508A58AB241E121B0069DC07 /* Config.xcconfig */,
			);
			path = Config;
			sourceTree = "<group>";
		};
		508A58B0241ED1C40069DC07 /* Views */ = {
			isa = PBXGroup;
			children = (
				50617D8423FCE48E0099B055 /* ContentView.swift */,
				50731668241E00C20023809E /* NoticeView.swift */,
				50C385A42407A76D00AF2719 /* SecretDetailView.swift */,
				5099A02323FD2AAA0062B6F2 /* CreateSecretView.swift */,
				50B8550C24138C4F009958AC /* DeleteSecretView.swift */,
				50BB046A2418AAAE00D6E079 /* EmptyStoreView.swift */,
				50C385A8240B636500AF2719 /* SetupView.swift */,
			);
			path = Views;
			sourceTree = "<group>";
		};
		508A58B1241ED1EA0069DC07 /* Controllers */ = {
			isa = PBXGroup;
			children = (
				50731665241DF8660023809E /* Updater.swift */,
				508A58B2241ED2180069DC07 /* AgentStatusChecker.swift */,
			);
			path = Controllers;
			sourceTree = "<group>";
		};
		5099A02523FE34DE0062B6F2 /* SmartCard */ = {
			isa = PBXGroup;
			children = (
				5099A02623FE34FA0062B6F2 /* SmartCard.swift */,
				5099A02A23FE352C0062B6F2 /* SmartCardSecret.swift */,
				5099A02823FE35240062B6F2 /* SmartCardStore.swift */,
			);
			path = SmartCard;
			sourceTree = "<group>";
		};
		5099A02C23FE56D70062B6F2 /* Common */ = {
			isa = PBXGroup;
			children = (
				5068389F2415EA4F00F55094 /* Erasers */,
				506838A42415EA6800F55094 /* OpenSSH */,
				5068389D241471CD00F55094 /* SecretStoreList.swift */,
			);
			path = Common;
			sourceTree = "<group>";
		};
		5099A06D240242BA0062B6F2 /* SecretAgentKit */ = {
			isa = PBXGroup;
			children = (
				5099A06E240242BA0062B6F2 /* SecretAgentKit.h */,
				5099A089240242C20062B6F2 /* SSHAgentProtocol.swift */,
				50A3B79D24026B9900D209EA /* SocketController.swift */,
				507CE4EF2420A4C50029F750 /* SigningWitness.swift */,
				507CE4F32420A8C10029F750 /* SigningRequestProvenance.swift */,
				507CE4F52420A96F0029F750 /* SigningRequestTracer.swift */,
				50A3B79F24026B9900D209EA /* Agent.swift */,
				5099A06F240242BA0062B6F2 /* Info.plist */,
			);
			path = SecretAgentKit;
			sourceTree = "<group>";
		};
		5099A07A240242BA0062B6F2 /* SecretAgentKitTests */ = {
			isa = PBXGroup;
			children = (
				5099A07B240242BA0062B6F2 /* SecretAgentKitTests.swift */,
				5099A07D240242BA0062B6F2 /* Info.plist */,
			);
			path = SecretAgentKitTests;
			sourceTree = "<group>";
		};
		5099A08B240243730062B6F2 /* Frameworks */ = {
			isa = PBXGroup;
			children = (
			);
			name = Frameworks;
			sourceTree = "<group>";
		};
		50A3B78B24026B7500D209EA /* SecretAgent */ = {
			isa = PBXGroup;
			children = (
				50020BAF24064869003D4025 /* AppDelegate.swift */,
				5018F54E24064786002EB505 /* Notifier.swift */,
				50A3B79024026B7600D209EA /* Assets.xcassets */,
				50A3B79524026B7600D209EA /* Main.storyboard */,
				50A3B79824026B7600D209EA /* Info.plist */,
				50A3B79924026B7600D209EA /* SecretAgent.entitlements */,
				50A3B79224026B7600D209EA /* Preview Content */,
			);
			path = SecretAgent;
			sourceTree = "<group>";
		};
		50A3B79224026B7600D209EA /* Preview Content */ = {
			isa = PBXGroup;
			children = (
				50A3B79324026B7600D209EA /* Preview Assets.xcassets */,
			);
			path = "Preview Content";
			sourceTree = "<group>";
		};
/* End PBXGroup section */

/* Begin PBXHeadersBuildPhase section */
		50617DA323FCE4AB0099B055 /* Headers */ = {
			isa = PBXHeadersBuildPhase;
			buildActionMask = 2147483647;
			files = (
				50617DBA23FCE4AB0099B055 /* SecretKit.h in Headers */,
			);
			runOnlyForDeploymentPostprocessing = 0;
		};
		5099A067240242BA0062B6F2 /* Headers */ = {
			isa = PBXHeadersBuildPhase;
			buildActionMask = 2147483647;
			files = (
				5099A07E240242BA0062B6F2 /* SecretAgentKit.h in Headers */,
			);
			runOnlyForDeploymentPostprocessing = 0;
		};
/* End PBXHeadersBuildPhase section */

/* Begin PBXNativeTarget section */
		50617D7E23FCE48D0099B055 /* Secretive */ = {
			isa = PBXNativeTarget;
			buildConfigurationList = 50617D9D23FCE48E0099B055 /* Build configuration list for PBXNativeTarget "Secretive" */;
			buildPhases = (
				50617D7B23FCE48D0099B055 /* Sources */,
				50617D7C23FCE48D0099B055 /* Frameworks */,
				50617D7D23FCE48D0099B055 /* Resources */,
				50617DBF23FCE4AB0099B055 /* Embed Frameworks */,
				50C385AF240E438B00AF2719 /* CopyFiles */,
			);
			buildRules = (
			);
			dependencies = (
				50617DBC23FCE4AB0099B055 /* PBXTargetDependency */,
			);
			name = Secretive;
			productName = Secretive;
			productReference = 50617D7F23FCE48E0099B055 /* Secretive.app */;
			productType = "com.apple.product-type.application";
		};
		50617D9323FCE48E0099B055 /* SecretiveTests */ = {
			isa = PBXNativeTarget;
			buildConfigurationList = 50617DA023FCE48E0099B055 /* Build configuration list for PBXNativeTarget "SecretiveTests" */;
			buildPhases = (
				50617D9023FCE48E0099B055 /* Sources */,
				50617D9123FCE48E0099B055 /* Frameworks */,
				50617D9223FCE48E0099B055 /* Resources */,
			);
			buildRules = (
			);
			dependencies = (
				50617D9623FCE48E0099B055 /* PBXTargetDependency */,
			);
			name = SecretiveTests;
			productName = SecretiveTests;
			productReference = 50617D9423FCE48E0099B055 /* SecretiveTests.xctest */;
			productType = "com.apple.product-type.bundle.unit-test";
		};
		50617DA723FCE4AB0099B055 /* SecretKit */ = {
			isa = PBXNativeTarget;
			buildConfigurationList = 50617DC423FCE4AB0099B055 /* Build configuration list for PBXNativeTarget "SecretKit" */;
			buildPhases = (
				50617DA323FCE4AB0099B055 /* Headers */,
				50617DA423FCE4AB0099B055 /* Sources */,
				50617DA523FCE4AB0099B055 /* Frameworks */,
				50617DA623FCE4AB0099B055 /* Resources */,
			);
			buildRules = (
			);
			dependencies = (
			);
			name = SecretKit;
			productName = SecretKit;
			productReference = 50617DA823FCE4AB0099B055 /* SecretKit.framework */;
			productType = "com.apple.product-type.framework";
		};
		50617DAF23FCE4AB0099B055 /* SecretKitTests */ = {
			isa = PBXNativeTarget;
			buildConfigurationList = 50617DC523FCE4AB0099B055 /* Build configuration list for PBXNativeTarget "SecretKitTests" */;
			buildPhases = (
				50617DAC23FCE4AB0099B055 /* Sources */,
				50617DAD23FCE4AB0099B055 /* Frameworks */,
				50617DAE23FCE4AB0099B055 /* Resources */,
				508A5912241EF0AC0069DC07 /* CopyFiles */,
			);
			buildRules = (
			);
			dependencies = (
				50617DB323FCE4AB0099B055 /* PBXTargetDependency */,
			);
			name = SecretKitTests;
			productName = SecretKitTests;
			productReference = 50617DB023FCE4AB0099B055 /* SecretKitTests.xctest */;
			productType = "com.apple.product-type.bundle.unit-test";
		};
		5099A06B240242BA0062B6F2 /* SecretAgentKit */ = {
			isa = PBXNativeTarget;
			buildConfigurationList = 5099A083240242BA0062B6F2 /* Build configuration list for PBXNativeTarget "SecretAgentKit" */;
			buildPhases = (
				5099A067240242BA0062B6F2 /* Headers */,
				5099A068240242BA0062B6F2 /* Sources */,
				5099A069240242BA0062B6F2 /* Frameworks */,
				5099A06A240242BA0062B6F2 /* Resources */,
			);
			buildRules = (
			);
			dependencies = (
				507CE4F22420A6B50029F750 /* PBXTargetDependency */,
			);
			name = SecretAgentKit;
			productName = SecretAgentKit;
			productReference = 5099A06C240242BA0062B6F2 /* SecretAgentKit.framework */;
			productType = "com.apple.product-type.framework";
		};
		5099A073240242BA0062B6F2 /* SecretAgentKitTests */ = {
			isa = PBXNativeTarget;
			buildConfigurationList = 5099A086240242BA0062B6F2 /* Build configuration list for PBXNativeTarget "SecretAgentKitTests" */;
			buildPhases = (
				5099A070240242BA0062B6F2 /* Sources */,
				5099A071240242BA0062B6F2 /* Frameworks */,
				5099A072240242BA0062B6F2 /* Resources */,
				508A5910241EF0920069DC07 /* CopyFiles */,
			);
			buildRules = (
			);
			dependencies = (
				5099A077240242BA0062B6F2 /* PBXTargetDependency */,
			);
			name = SecretAgentKitTests;
			productName = SecretAgentKitTests;
			productReference = 5099A074240242BA0062B6F2 /* SecretAgentKitTests.xctest */;
			productType = "com.apple.product-type.bundle.unit-test";
		};
		50A3B78924026B7500D209EA /* SecretAgent */ = {
			isa = PBXNativeTarget;
			buildConfigurationList = 50A3B79A24026B7600D209EA /* Build configuration list for PBXNativeTarget "SecretAgent" */;
			buildPhases = (
				50A3B78624026B7500D209EA /* Sources */,
				50A3B78724026B7500D209EA /* Frameworks */,
				50A3B78824026B7500D209EA /* Resources */,
				50A5C18E240E4B4B00E2996C /* Embed Frameworks */,
			);
			buildRules = (
			);
			dependencies = (
				5018F5492402736A002EB505 /* PBXTargetDependency */,
				5018F54B2402736A002EB505 /* PBXTargetDependency */,
			);
			name = SecretAgent;
			productName = SecretAgent;
			productReference = 50A3B78A24026B7500D209EA /* SecretAgent.app */;
			productType = "com.apple.product-type.application";
		};
/* End PBXNativeTarget section */

/* Begin PBXProject section */
		50617D7723FCE48D0099B055 /* Project object */ = {
			isa = PBXProject;
			attributes = {
				LastSwiftUpdateCheck = 1140;
				LastUpgradeCheck = 1130;
				ORGANIZATIONNAME = "Max Goedjen";
				TargetAttributes = {
					50617D7E23FCE48D0099B055 = {
						CreatedOnToolsVersion = 11.3;
					};
					50617D9323FCE48E0099B055 = {
						CreatedOnToolsVersion = 11.3;
						TestTargetID = 50617D7E23FCE48D0099B055;
					};
					50617DA723FCE4AB0099B055 = {
						CreatedOnToolsVersion = 11.3;
						LastSwiftMigration = 1130;
					};
					50617DAF23FCE4AB0099B055 = {
						CreatedOnToolsVersion = 11.3;
					};
					5099A06B240242BA0062B6F2 = {
						CreatedOnToolsVersion = 11.4;
						LastSwiftMigration = 1140;
					};
					5099A073240242BA0062B6F2 = {
						CreatedOnToolsVersion = 11.4;
					};
					50A3B78924026B7500D209EA = {
						CreatedOnToolsVersion = 11.4;
					};
				};
			};
			buildConfigurationList = 50617D7A23FCE48D0099B055 /* Build configuration list for PBXProject "Secretive" */;
			compatibilityVersion = "Xcode 9.3";
			developmentRegion = en;
			hasScannedForEncodings = 0;
			knownRegions = (
				en,
				Base,
			);
			mainGroup = 50617D7623FCE48D0099B055;
			productRefGroup = 50617D8023FCE48E0099B055 /* Products */;
			projectDirPath = "";
			projectRoot = "";
			targets = (
				50617D7E23FCE48D0099B055 /* Secretive */,
				50617D9323FCE48E0099B055 /* SecretiveTests */,
				50A3B78924026B7500D209EA /* SecretAgent */,
				50617DA723FCE4AB0099B055 /* SecretKit */,
				50617DAF23FCE4AB0099B055 /* SecretKitTests */,
				5099A06B240242BA0062B6F2 /* SecretAgentKit */,
				5099A073240242BA0062B6F2 /* SecretAgentKitTests */,
			);
		};
/* End PBXProject section */

/* Begin PBXResourcesBuildPhase section */
		50617D7D23FCE48D0099B055 /* Resources */ = {
			isa = PBXResourcesBuildPhase;
			buildActionMask = 2147483647;
			files = (
				50617D8D23FCE48E0099B055 /* Main.storyboard in Resources */,
				50617D8A23FCE48E0099B055 /* Preview Assets.xcassets in Resources */,
				50617D8723FCE48E0099B055 /* Assets.xcassets in Resources */,
				506772C72424784600034DED /* Credits.rtf in Resources */,
			);
			runOnlyForDeploymentPostprocessing = 0;
		};
		50617D9223FCE48E0099B055 /* Resources */ = {
			isa = PBXResourcesBuildPhase;
			buildActionMask = 2147483647;
			files = (
			);
			runOnlyForDeploymentPostprocessing = 0;
		};
		50617DA623FCE4AB0099B055 /* Resources */ = {
			isa = PBXResourcesBuildPhase;
			buildActionMask = 2147483647;
			files = (
			);
			runOnlyForDeploymentPostprocessing = 0;
		};
		50617DAE23FCE4AB0099B055 /* Resources */ = {
			isa = PBXResourcesBuildPhase;
			buildActionMask = 2147483647;
			files = (
			);
			runOnlyForDeploymentPostprocessing = 0;
		};
		5099A06A240242BA0062B6F2 /* Resources */ = {
			isa = PBXResourcesBuildPhase;
			buildActionMask = 2147483647;
			files = (
			);
			runOnlyForDeploymentPostprocessing = 0;
		};
		5099A072240242BA0062B6F2 /* Resources */ = {
			isa = PBXResourcesBuildPhase;
			buildActionMask = 2147483647;
			files = (
			);
			runOnlyForDeploymentPostprocessing = 0;
		};
		50A3B78824026B7500D209EA /* Resources */ = {
			isa = PBXResourcesBuildPhase;
			buildActionMask = 2147483647;
			files = (
				50A3B79724026B7600D209EA /* Main.storyboard in Resources */,
				50A3B79424026B7600D209EA /* Preview Assets.xcassets in Resources */,
				50A3B79124026B7600D209EA /* Assets.xcassets in Resources */,
			);
			runOnlyForDeploymentPostprocessing = 0;
		};
/* End PBXResourcesBuildPhase section */

/* Begin PBXSourcesBuildPhase section */
		50617D7B23FCE48D0099B055 /* Sources */ = {
			isa = PBXSourcesBuildPhase;
			buildActionMask = 2147483647;
			files = (
				50C385A9240B636500AF2719 /* SetupView.swift in Sources */,
				50617D8523FCE48E0099B055 /* ContentView.swift in Sources */,
				50617DD223FCEFA90099B055 /* PreviewStore.swift in Sources */,
				508A58B3241ED2180069DC07 /* AgentStatusChecker.swift in Sources */,
				50C385A52407A76D00AF2719 /* SecretDetailView.swift in Sources */,
				5099A02423FD2AAA0062B6F2 /* CreateSecretView.swift in Sources */,
				50731666241DF8660023809E /* Updater.swift in Sources */,
				50B8550D24138C4F009958AC /* DeleteSecretView.swift in Sources */,
				50BB046B2418AAAE00D6E079 /* EmptyStoreView.swift in Sources */,
				50731669241E00C20023809E /* NoticeView.swift in Sources */,
				50617D8323FCE48E0099B055 /* AppDelegate.swift in Sources */,
				508A58B5241ED48F0069DC07 /* PreviewAgentStatusChecker.swift in Sources */,
				508A58AA241E06B40069DC07 /* PreviewUpdater.swift in Sources */,
			);
			runOnlyForDeploymentPostprocessing = 0;
		};
		50617D9023FCE48E0099B055 /* Sources */ = {
			isa = PBXSourcesBuildPhase;
			buildActionMask = 2147483647;
			files = (
				50617D9923FCE48E0099B055 /* SecretiveTests.swift in Sources */,
			);
			runOnlyForDeploymentPostprocessing = 0;
		};
		50617DA423FCE4AB0099B055 /* Sources */ = {
			isa = PBXSourcesBuildPhase;
			buildActionMask = 2147483647;
			files = (
				50617DC723FCE4EA0099B055 /* SecretStore.swift in Sources */,
				5099A02723FE34FA0062B6F2 /* SmartCard.swift in Sources */,
				50617DCB23FCECA10099B055 /* Secret.swift in Sources */,
				5099A02E23FE56E10062B6F2 /* OpenSSHKeyWriter.swift in Sources */,
				50617DC923FCE50E0099B055 /* SecureEnclaveStore.swift in Sources */,
				506838A32415EA5D00F55094 /* AnySecretStore.swift in Sources */,
				50617DCE23FCECFA0099B055 /* SecureEnclaveSecret.swift in Sources */,
				50617DD023FCED2C0099B055 /* SecureEnclave.swift in Sources */,
				5068389E241471CD00F55094 /* SecretStoreList.swift in Sources */,
				506838A12415EA5600F55094 /* AnySecret.swift in Sources */,
				5099A02923FE35240062B6F2 /* SmartCardStore.swift in Sources */,
				5099A02B23FE352C0062B6F2 /* SmartCardSecret.swift in Sources */,
				50C385A3240789E600AF2719 /* OpenSSHReader.swift in Sources */,
			);
			runOnlyForDeploymentPostprocessing = 0;
		};
		50617DAC23FCE4AB0099B055 /* Sources */ = {
			isa = PBXSourcesBuildPhase;
			buildActionMask = 2147483647;
			files = (
				50524B442420969E008DBD97 /* OpenSSHWriterTests.swift in Sources */,
			);
			runOnlyForDeploymentPostprocessing = 0;
		};
		5099A068240242BA0062B6F2 /* Sources */ = {
			isa = PBXSourcesBuildPhase;
			buildActionMask = 2147483647;
			files = (
				507CE4EE2420A3CA0029F750 /* SocketController.swift in Sources */,
				5099A08A240242C20062B6F2 /* SSHAgentProtocol.swift in Sources */,
				507CE4ED2420A3C70029F750 /* Agent.swift in Sources */,
				507CE4F02420A4C50029F750 /* SigningWitness.swift in Sources */,
				507CE4F62420A96F0029F750 /* SigningRequestTracer.swift in Sources */,
				507CE4F42420A8C10029F750 /* SigningRequestProvenance.swift in Sources */,
			);
			runOnlyForDeploymentPostprocessing = 0;
		};
		5099A070240242BA0062B6F2 /* Sources */ = {
			isa = PBXSourcesBuildPhase;
			buildActionMask = 2147483647;
			files = (
				5099A07C240242BA0062B6F2 /* SecretAgentKitTests.swift in Sources */,
			);
			runOnlyForDeploymentPostprocessing = 0;
		};
		50A3B78624026B7500D209EA /* Sources */ = {
			isa = PBXSourcesBuildPhase;
			buildActionMask = 2147483647;
			files = (
				50020BB024064869003D4025 /* AppDelegate.swift in Sources */,
				5018F54F24064786002EB505 /* Notifier.swift in Sources */,
			);
			runOnlyForDeploymentPostprocessing = 0;
		};
/* End PBXSourcesBuildPhase section */

/* Begin PBXTargetDependency section */
		5018F5492402736A002EB505 /* PBXTargetDependency */ = {
			isa = PBXTargetDependency;
			target = 5099A06B240242BA0062B6F2 /* SecretAgentKit */;
			targetProxy = 5018F5482402736A002EB505 /* PBXContainerItemProxy */;
		};
		5018F54B2402736A002EB505 /* PBXTargetDependency */ = {
			isa = PBXTargetDependency;
			target = 50617DA723FCE4AB0099B055 /* SecretKit */;
			targetProxy = 5018F54A2402736A002EB505 /* PBXContainerItemProxy */;
		};
		50617D9623FCE48E0099B055 /* PBXTargetDependency */ = {
			isa = PBXTargetDependency;
			target = 50617D7E23FCE48D0099B055 /* Secretive */;
			targetProxy = 50617D9523FCE48E0099B055 /* PBXContainerItemProxy */;
		};
		50617DB323FCE4AB0099B055 /* PBXTargetDependency */ = {
			isa = PBXTargetDependency;
			target = 50617DA723FCE4AB0099B055 /* SecretKit */;
			targetProxy = 50617DB223FCE4AB0099B055 /* PBXContainerItemProxy */;
		};
		50617DBC23FCE4AB0099B055 /* PBXTargetDependency */ = {
			isa = PBXTargetDependency;
			target = 50617DA723FCE4AB0099B055 /* SecretKit */;
			targetProxy = 50617DBB23FCE4AB0099B055 /* PBXContainerItemProxy */;
		};
		507CE4F22420A6B50029F750 /* PBXTargetDependency */ = {
			isa = PBXTargetDependency;
			target = 50617DA723FCE4AB0099B055 /* SecretKit */;
			targetProxy = 507CE4F12420A6B50029F750 /* PBXContainerItemProxy */;
		};
		5099A077240242BA0062B6F2 /* PBXTargetDependency */ = {
			isa = PBXTargetDependency;
			target = 5099A06B240242BA0062B6F2 /* SecretAgentKit */;
			targetProxy = 5099A076240242BA0062B6F2 /* PBXContainerItemProxy */;
		};
/* End PBXTargetDependency section */

/* Begin PBXVariantGroup section */
		50617D8B23FCE48E0099B055 /* Main.storyboard */ = {
			isa = PBXVariantGroup;
			children = (
				50617D8C23FCE48E0099B055 /* Base */,
			);
			name = Main.storyboard;
			sourceTree = "<group>";
		};
		50A3B79524026B7600D209EA /* Main.storyboard */ = {
			isa = PBXVariantGroup;
			children = (
				50A3B79624026B7600D209EA /* Base */,
			);
			name = Main.storyboard;
			sourceTree = "<group>";
		};
/* End PBXVariantGroup section */

/* Begin XCBuildConfiguration section */
		50617D9B23FCE48E0099B055 /* Debug */ = {
			isa = XCBuildConfiguration;
			baseConfigurationReference = 508A58AB241E121B0069DC07 /* Config.xcconfig */;
			buildSettings = {
				ALWAYS_SEARCH_USER_PATHS = NO;
				CLANG_ANALYZER_NONNULL = YES;
				CLANG_ANALYZER_NUMBER_OBJECT_CONVERSION = YES_AGGRESSIVE;
				CLANG_CXX_LANGUAGE_STANDARD = "gnu++14";
				CLANG_CXX_LIBRARY = "libc++";
				CLANG_ENABLE_MODULES = YES;
				CLANG_ENABLE_OBJC_ARC = YES;
				CLANG_ENABLE_OBJC_WEAK = YES;
				CLANG_WARN_BLOCK_CAPTURE_AUTORELEASING = YES;
				CLANG_WARN_BOOL_CONVERSION = YES;
				CLANG_WARN_COMMA = YES;
				CLANG_WARN_CONSTANT_CONVERSION = YES;
				CLANG_WARN_DEPRECATED_OBJC_IMPLEMENTATIONS = YES;
				CLANG_WARN_DIRECT_OBJC_ISA_USAGE = YES_ERROR;
				CLANG_WARN_DOCUMENTATION_COMMENTS = YES;
				CLANG_WARN_EMPTY_BODY = YES;
				CLANG_WARN_ENUM_CONVERSION = YES;
				CLANG_WARN_INFINITE_RECURSION = YES;
				CLANG_WARN_INT_CONVERSION = YES;
				CLANG_WARN_NON_LITERAL_NULL_CONVERSION = YES;
				CLANG_WARN_OBJC_IMPLICIT_RETAIN_SELF = YES;
				CLANG_WARN_OBJC_LITERAL_CONVERSION = YES;
				CLANG_WARN_OBJC_ROOT_CLASS = YES_ERROR;
				CLANG_WARN_RANGE_LOOP_ANALYSIS = YES;
				CLANG_WARN_STRICT_PROTOTYPES = YES;
				CLANG_WARN_SUSPICIOUS_MOVE = YES;
				CLANG_WARN_UNGUARDED_AVAILABILITY = YES_AGGRESSIVE;
				CLANG_WARN_UNREACHABLE_CODE = YES;
				CLANG_WARN__DUPLICATE_METHOD_MATCH = YES;
				COPY_PHASE_STRIP = NO;
				DEBUG_INFORMATION_FORMAT = dwarf;
				ENABLE_STRICT_OBJC_MSGSEND = YES;
				ENABLE_TESTABILITY = YES;
				GCC_C_LANGUAGE_STANDARD = gnu11;
				GCC_DYNAMIC_NO_PIC = NO;
				GCC_NO_COMMON_BLOCKS = YES;
				GCC_OPTIMIZATION_LEVEL = 0;
				GCC_PREPROCESSOR_DEFINITIONS = (
					"DEBUG=1",
					"$(inherited)",
				);
				GCC_WARN_64_TO_32_BIT_CONVERSION = YES;
				GCC_WARN_ABOUT_RETURN_TYPE = YES_ERROR;
				GCC_WARN_UNDECLARED_SELECTOR = YES;
				GCC_WARN_UNINITIALIZED_AUTOS = YES_AGGRESSIVE;
				GCC_WARN_UNUSED_FUNCTION = YES;
				GCC_WARN_UNUSED_VARIABLE = YES;
				MACOSX_DEPLOYMENT_TARGET = 10.15;
				MTL_ENABLE_DEBUG_INFO = INCLUDE_SOURCE;
				MTL_FAST_MATH = YES;
				ONLY_ACTIVE_ARCH = YES;
				SDKROOT = macosx;
				SWIFT_ACTIVE_COMPILATION_CONDITIONS = DEBUG;
				SWIFT_OPTIMIZATION_LEVEL = "-Onone";
			};
			name = Debug;
		};
		50617D9C23FCE48E0099B055 /* Release */ = {
			isa = XCBuildConfiguration;
			baseConfigurationReference = 508A58AB241E121B0069DC07 /* Config.xcconfig */;
			buildSettings = {
				ALWAYS_SEARCH_USER_PATHS = NO;
				CLANG_ANALYZER_NONNULL = YES;
				CLANG_ANALYZER_NUMBER_OBJECT_CONVERSION = YES_AGGRESSIVE;
				CLANG_CXX_LANGUAGE_STANDARD = "gnu++14";
				CLANG_CXX_LIBRARY = "libc++";
				CLANG_ENABLE_MODULES = YES;
				CLANG_ENABLE_OBJC_ARC = YES;
				CLANG_ENABLE_OBJC_WEAK = YES;
				CLANG_WARN_BLOCK_CAPTURE_AUTORELEASING = YES;
				CLANG_WARN_BOOL_CONVERSION = YES;
				CLANG_WARN_COMMA = YES;
				CLANG_WARN_CONSTANT_CONVERSION = YES;
				CLANG_WARN_DEPRECATED_OBJC_IMPLEMENTATIONS = YES;
				CLANG_WARN_DIRECT_OBJC_ISA_USAGE = YES_ERROR;
				CLANG_WARN_DOCUMENTATION_COMMENTS = YES;
				CLANG_WARN_EMPTY_BODY = YES;
				CLANG_WARN_ENUM_CONVERSION = YES;
				CLANG_WARN_INFINITE_RECURSION = YES;
				CLANG_WARN_INT_CONVERSION = YES;
				CLANG_WARN_NON_LITERAL_NULL_CONVERSION = YES;
				CLANG_WARN_OBJC_IMPLICIT_RETAIN_SELF = YES;
				CLANG_WARN_OBJC_LITERAL_CONVERSION = YES;
				CLANG_WARN_OBJC_ROOT_CLASS = YES_ERROR;
				CLANG_WARN_RANGE_LOOP_ANALYSIS = YES;
				CLANG_WARN_STRICT_PROTOTYPES = YES;
				CLANG_WARN_SUSPICIOUS_MOVE = YES;
				CLANG_WARN_UNGUARDED_AVAILABILITY = YES_AGGRESSIVE;
				CLANG_WARN_UNREACHABLE_CODE = YES;
				CLANG_WARN__DUPLICATE_METHOD_MATCH = YES;
				COPY_PHASE_STRIP = NO;
				DEBUG_INFORMATION_FORMAT = "dwarf-with-dsym";
				ENABLE_NS_ASSERTIONS = NO;
				ENABLE_STRICT_OBJC_MSGSEND = YES;
				GCC_C_LANGUAGE_STANDARD = gnu11;
				GCC_NO_COMMON_BLOCKS = YES;
				GCC_WARN_64_TO_32_BIT_CONVERSION = YES;
				GCC_WARN_ABOUT_RETURN_TYPE = YES_ERROR;
				GCC_WARN_UNDECLARED_SELECTOR = YES;
				GCC_WARN_UNINITIALIZED_AUTOS = YES_AGGRESSIVE;
				GCC_WARN_UNUSED_FUNCTION = YES;
				GCC_WARN_UNUSED_VARIABLE = YES;
				MACOSX_DEPLOYMENT_TARGET = 10.15;
				MTL_ENABLE_DEBUG_INFO = NO;
				MTL_FAST_MATH = YES;
				SDKROOT = macosx;
				SWIFT_COMPILATION_MODE = wholemodule;
				SWIFT_OPTIMIZATION_LEVEL = "-O";
			};
			name = Release;
		};
		50617D9E23FCE48E0099B055 /* Debug */ = {
			isa = XCBuildConfiguration;
			buildSettings = {
				ALWAYS_EMBED_SWIFT_STANDARD_LIBRARIES = YES;
				ASSETCATALOG_COMPILER_APPICON_NAME = AppIcon;
				CODE_SIGN_ENTITLEMENTS = Secretive/Secretive.entitlements;
				CODE_SIGN_IDENTITY = "Apple Development";
				CODE_SIGN_STYLE = Automatic;
				COMBINE_HIDPI_IMAGES = YES;
				CURRENT_PROJECT_VERSION = 1;
				DEVELOPMENT_ASSET_PATHS = "\"Secretive/Preview Content\"";
				DEVELOPMENT_TEAM = Z72PRUAWF6;
				ENABLE_HARDENED_RUNTIME = YES;
				ENABLE_PREVIEWS = YES;
				INFOPLIST_FILE = Secretive/Info.plist;
				LD_RUNPATH_SEARCH_PATHS = (
					"$(inherited)",
					"@executable_path/../Frameworks",
				);
				MACOSX_DEPLOYMENT_TARGET = 10.15;
				MARKETING_VERSION = 1;
				PRODUCT_BUNDLE_IDENTIFIER = com.maxgoedjen.Secretive.Host;
				PRODUCT_NAME = "$(TARGET_NAME)";
				PROVISIONING_PROFILE_SPECIFIER = "";
				SWIFT_VERSION = 5.0;
			};
			name = Debug;
		};
		50617D9F23FCE48E0099B055 /* Release */ = {
			isa = XCBuildConfiguration;
			buildSettings = {
				ALWAYS_EMBED_SWIFT_STANDARD_LIBRARIES = YES;
				ASSETCATALOG_COMPILER_APPICON_NAME = AppIcon;
				CODE_SIGN_ENTITLEMENTS = Secretive/Secretive.entitlements;
				CODE_SIGN_IDENTITY = "Developer ID Application";
				CODE_SIGN_STYLE = Manual;
				COMBINE_HIDPI_IMAGES = YES;
				CURRENT_PROJECT_VERSION = 1;
				DEVELOPMENT_ASSET_PATHS = "\"Secretive/Preview Content\"";
				DEVELOPMENT_TEAM = Z72PRUAWF6;
				ENABLE_HARDENED_RUNTIME = YES;
				ENABLE_PREVIEWS = YES;
				INFOPLIST_FILE = Secretive/Info.plist;
				LD_RUNPATH_SEARCH_PATHS = (
					"$(inherited)",
					"@executable_path/../Frameworks",
				);
				MACOSX_DEPLOYMENT_TARGET = 10.15;
				MARKETING_VERSION = 1;
				PRODUCT_BUNDLE_IDENTIFIER = com.maxgoedjen.Secretive.Host;
				PRODUCT_NAME = "$(TARGET_NAME)";
				PROVISIONING_PROFILE_SPECIFIER = "Secretive - Host";
				SWIFT_VERSION = 5.0;
			};
			name = Release;
		};
		50617DA123FCE48E0099B055 /* Debug */ = {
			isa = XCBuildConfiguration;
			buildSettings = {
				ALWAYS_EMBED_SWIFT_STANDARD_LIBRARIES = YES;
				BUNDLE_LOADER = "$(TEST_HOST)";
				CODE_SIGN_STYLE = Automatic;
				COMBINE_HIDPI_IMAGES = YES;
				DEVELOPMENT_TEAM = Z72PRUAWF6;
				INFOPLIST_FILE = SecretiveTests/Info.plist;
				LD_RUNPATH_SEARCH_PATHS = (
					"$(inherited)",
					"@executable_path/../Frameworks",
					"@loader_path/../Frameworks",
				);
				MACOSX_DEPLOYMENT_TARGET = 10.15;
				PRODUCT_BUNDLE_IDENTIFIER = com.maxgoedjen.SecretiveTests;
				PRODUCT_NAME = "$(TARGET_NAME)";
				SWIFT_VERSION = 5.0;
				TEST_HOST = "$(BUILT_PRODUCTS_DIR)/Secretive.app/Contents/MacOS/Secretive";
			};
			name = Debug;
		};
		50617DA223FCE48E0099B055 /* Release */ = {
			isa = XCBuildConfiguration;
			buildSettings = {
				ALWAYS_EMBED_SWIFT_STANDARD_LIBRARIES = YES;
				BUNDLE_LOADER = "$(TEST_HOST)";
				CODE_SIGN_STYLE = Automatic;
				COMBINE_HIDPI_IMAGES = YES;
				DEVELOPMENT_TEAM = Z72PRUAWF6;
				INFOPLIST_FILE = SecretiveTests/Info.plist;
				LD_RUNPATH_SEARCH_PATHS = (
					"$(inherited)",
					"@executable_path/../Frameworks",
					"@loader_path/../Frameworks",
				);
				MACOSX_DEPLOYMENT_TARGET = 10.15;
				PRODUCT_BUNDLE_IDENTIFIER = com.maxgoedjen.SecretiveTests;
				PRODUCT_NAME = "$(TARGET_NAME)";
				SWIFT_VERSION = 5.0;
				TEST_HOST = "$(BUILT_PRODUCTS_DIR)/Secretive.app/Contents/MacOS/Secretive";
			};
			name = Release;
		};
		50617DC023FCE4AB0099B055 /* Debug */ = {
			isa = XCBuildConfiguration;
			buildSettings = {
				CLANG_ENABLE_MODULES = YES;
				CODE_SIGN_IDENTITY = "-";
				CODE_SIGN_STYLE = Automatic;
				COMBINE_HIDPI_IMAGES = YES;
				CURRENT_PROJECT_VERSION = 1;
				DEFINES_MODULE = YES;
				DEVELOPMENT_TEAM = Z72PRUAWF6;
				DYLIB_COMPATIBILITY_VERSION = 1;
				DYLIB_CURRENT_VERSION = 1;
				DYLIB_INSTALL_NAME_BASE = "@rpath";
				INFOPLIST_FILE = SecretKit/Info.plist;
				INSTALL_PATH = "$(LOCAL_LIBRARY_DIR)/Frameworks";
				LD_RUNPATH_SEARCH_PATHS = (
					"$(inherited)",
					"@executable_path/../Frameworks",
					"@loader_path/Frameworks",
				);
				PRODUCT_BUNDLE_IDENTIFIER = com.maxgoedjen.Secretive.SecretKit;
				PRODUCT_NAME = "$(TARGET_NAME:c99extidentifier)";
				SKIP_INSTALL = YES;
				SWIFT_OPTIMIZATION_LEVEL = "-Onone";
				SWIFT_VERSION = 5.0;
				VERSIONING_SYSTEM = "apple-generic";
				VERSION_INFO_PREFIX = "";
			};
			name = Debug;
		};
		50617DC123FCE4AB0099B055 /* Release */ = {
			isa = XCBuildConfiguration;
			buildSettings = {
				CLANG_ENABLE_MODULES = YES;
				CODE_SIGN_IDENTITY = "-";
				CODE_SIGN_STYLE = Automatic;
				COMBINE_HIDPI_IMAGES = YES;
				CURRENT_PROJECT_VERSION = 1;
				DEFINES_MODULE = YES;
				DEVELOPMENT_TEAM = Z72PRUAWF6;
				DYLIB_COMPATIBILITY_VERSION = 1;
				DYLIB_CURRENT_VERSION = 1;
				DYLIB_INSTALL_NAME_BASE = "@rpath";
				INFOPLIST_FILE = SecretKit/Info.plist;
				INSTALL_PATH = "$(LOCAL_LIBRARY_DIR)/Frameworks";
				LD_RUNPATH_SEARCH_PATHS = (
					"$(inherited)",
					"@executable_path/../Frameworks",
					"@loader_path/Frameworks",
				);
				PRODUCT_BUNDLE_IDENTIFIER = com.maxgoedjen.Secretive.SecretKit;
				PRODUCT_NAME = "$(TARGET_NAME:c99extidentifier)";
				SKIP_INSTALL = YES;
				SWIFT_VERSION = 5.0;
				VERSIONING_SYSTEM = "apple-generic";
				VERSION_INFO_PREFIX = "";
			};
			name = Release;
		};
		50617DC223FCE4AB0099B055 /* Debug */ = {
			isa = XCBuildConfiguration;
			buildSettings = {
				ALWAYS_EMBED_SWIFT_STANDARD_LIBRARIES = YES;
				CODE_SIGN_STYLE = Automatic;
				COMBINE_HIDPI_IMAGES = YES;
				DEVELOPMENT_TEAM = Z72PRUAWF6;
				INFOPLIST_FILE = SecretKitTests/Info.plist;
				LD_RUNPATH_SEARCH_PATHS = (
					"$(inherited)",
					"@executable_path/../Frameworks",
					"@loader_path/../Frameworks",
				);
				PRODUCT_BUNDLE_IDENTIFIER = com.maxgoedjen.SecretKitTests;
				PRODUCT_NAME = "$(TARGET_NAME)";
				SWIFT_VERSION = 5.0;
			};
			name = Debug;
		};
		50617DC323FCE4AB0099B055 /* Release */ = {
			isa = XCBuildConfiguration;
			buildSettings = {
				ALWAYS_EMBED_SWIFT_STANDARD_LIBRARIES = YES;
				CODE_SIGN_STYLE = Automatic;
				COMBINE_HIDPI_IMAGES = YES;
				DEVELOPMENT_TEAM = Z72PRUAWF6;
				INFOPLIST_FILE = SecretKitTests/Info.plist;
				LD_RUNPATH_SEARCH_PATHS = (
					"$(inherited)",
					"@executable_path/../Frameworks",
					"@loader_path/../Frameworks",
				);
				PRODUCT_BUNDLE_IDENTIFIER = com.maxgoedjen.SecretKitTests;
				PRODUCT_NAME = "$(TARGET_NAME)";
				SWIFT_VERSION = 5.0;
			};
			name = Release;
		};
		508A5914241EF1A00069DC07 /* Test */ = {
			isa = XCBuildConfiguration;
			baseConfigurationReference = 508A58AB241E121B0069DC07 /* Config.xcconfig */;
			buildSettings = {
				ALWAYS_SEARCH_USER_PATHS = NO;
				CLANG_ANALYZER_NONNULL = YES;
				CLANG_ANALYZER_NUMBER_OBJECT_CONVERSION = YES_AGGRESSIVE;
				CLANG_CXX_LANGUAGE_STANDARD = "gnu++14";
				CLANG_CXX_LIBRARY = "libc++";
				CLANG_ENABLE_MODULES = YES;
				CLANG_ENABLE_OBJC_ARC = YES;
				CLANG_ENABLE_OBJC_WEAK = YES;
				CLANG_WARN_BLOCK_CAPTURE_AUTORELEASING = YES;
				CLANG_WARN_BOOL_CONVERSION = YES;
				CLANG_WARN_COMMA = YES;
				CLANG_WARN_CONSTANT_CONVERSION = YES;
				CLANG_WARN_DEPRECATED_OBJC_IMPLEMENTATIONS = YES;
				CLANG_WARN_DIRECT_OBJC_ISA_USAGE = YES_ERROR;
				CLANG_WARN_DOCUMENTATION_COMMENTS = YES;
				CLANG_WARN_EMPTY_BODY = YES;
				CLANG_WARN_ENUM_CONVERSION = YES;
				CLANG_WARN_INFINITE_RECURSION = YES;
				CLANG_WARN_INT_CONVERSION = YES;
				CLANG_WARN_NON_LITERAL_NULL_CONVERSION = YES;
				CLANG_WARN_OBJC_IMPLICIT_RETAIN_SELF = YES;
				CLANG_WARN_OBJC_LITERAL_CONVERSION = YES;
				CLANG_WARN_OBJC_ROOT_CLASS = YES_ERROR;
				CLANG_WARN_RANGE_LOOP_ANALYSIS = YES;
				CLANG_WARN_STRICT_PROTOTYPES = YES;
				CLANG_WARN_SUSPICIOUS_MOVE = YES;
				CLANG_WARN_UNGUARDED_AVAILABILITY = YES_AGGRESSIVE;
				CLANG_WARN_UNREACHABLE_CODE = YES;
				CLANG_WARN__DUPLICATE_METHOD_MATCH = YES;
				COPY_PHASE_STRIP = NO;
				DEBUG_INFORMATION_FORMAT = dwarf;
				ENABLE_STRICT_OBJC_MSGSEND = YES;
				ENABLE_TESTABILITY = YES;
				GCC_C_LANGUAGE_STANDARD = gnu11;
				GCC_DYNAMIC_NO_PIC = NO;
				GCC_NO_COMMON_BLOCKS = YES;
				GCC_OPTIMIZATION_LEVEL = 0;
				GCC_PREPROCESSOR_DEFINITIONS = (
					"DEBUG=1",
					"$(inherited)",
				);
				GCC_WARN_64_TO_32_BIT_CONVERSION = YES;
				GCC_WARN_ABOUT_RETURN_TYPE = YES_ERROR;
				GCC_WARN_UNDECLARED_SELECTOR = YES;
				GCC_WARN_UNINITIALIZED_AUTOS = YES_AGGRESSIVE;
				GCC_WARN_UNUSED_FUNCTION = YES;
				GCC_WARN_UNUSED_VARIABLE = YES;
				MACOSX_DEPLOYMENT_TARGET = 10.15;
				MTL_ENABLE_DEBUG_INFO = INCLUDE_SOURCE;
				MTL_FAST_MATH = YES;
				ONLY_ACTIVE_ARCH = YES;
				SDKROOT = macosx;
				SWIFT_ACTIVE_COMPILATION_CONDITIONS = DEBUG;
				SWIFT_OPTIMIZATION_LEVEL = "-Onone";
			};
			name = Test;
		};
		508A5915241EF1A00069DC07 /* Test */ = {
			isa = XCBuildConfiguration;
			buildSettings = {
				ALWAYS_EMBED_SWIFT_STANDARD_LIBRARIES = YES;
				ASSETCATALOG_COMPILER_APPICON_NAME = AppIcon;
				CODE_SIGN_ENTITLEMENTS = Secretive/Secretive.entitlements;
				CODE_SIGN_IDENTITY = "Developer ID Application";
				CODE_SIGN_STYLE = Manual;
				COMBINE_HIDPI_IMAGES = YES;
				CURRENT_PROJECT_VERSION = 1;
				DEVELOPMENT_ASSET_PATHS = "\"Secretive/Preview Content\"";
				DEVELOPMENT_TEAM = Z72PRUAWF6;
				ENABLE_HARDENED_RUNTIME = YES;
				ENABLE_PREVIEWS = YES;
				INFOPLIST_FILE = Secretive/Info.plist;
				LD_RUNPATH_SEARCH_PATHS = (
					"$(inherited)",
					"@executable_path/../Frameworks",
				);
				MACOSX_DEPLOYMENT_TARGET = 10.15;
				MARKETING_VERSION = 1;
				PRODUCT_BUNDLE_IDENTIFIER = com.maxgoedjen.Secretive.Host;
				PRODUCT_NAME = "$(TARGET_NAME)";
				PROVISIONING_PROFILE_SPECIFIER = "Secretive - Host";
				SWIFT_VERSION = 5.0;
			};
			name = Test;
		};
		508A5916241EF1A00069DC07 /* Test */ = {
			isa = XCBuildConfiguration;
			buildSettings = {
				ALWAYS_EMBED_SWIFT_STANDARD_LIBRARIES = YES;
				BUNDLE_LOADER = "$(TEST_HOST)";
				CODE_SIGN_IDENTITY = "Developer ID Application";
				CODE_SIGN_STYLE = Manual;
				COMBINE_HIDPI_IMAGES = YES;
				DEVELOPMENT_TEAM = Z72PRUAWF6;
				INFOPLIST_FILE = SecretiveTests/Info.plist;
				LD_RUNPATH_SEARCH_PATHS = (
					"$(inherited)",
					"@executable_path/../Frameworks",
					"@loader_path/../Frameworks",
				);
				MACOSX_DEPLOYMENT_TARGET = 10.15;
				PRODUCT_BUNDLE_IDENTIFIER = com.maxgoedjen.SecretiveTests;
				PRODUCT_NAME = "$(TARGET_NAME)";
				PROVISIONING_PROFILE_SPECIFIER = "";
				SWIFT_VERSION = 5.0;
				TEST_HOST = "$(BUILT_PRODUCTS_DIR)/Secretive.app/Contents/MacOS/Secretive";
			};
			name = Test;
		};
		508A5917241EF1A00069DC07 /* Test */ = {
			isa = XCBuildConfiguration;
			buildSettings = {
				ASSETCATALOG_COMPILER_APPICON_NAME = AppIcon;
				CODE_SIGN_ENTITLEMENTS = SecretAgent/SecretAgent.entitlements;
				CODE_SIGN_IDENTITY = "Developer ID Application";
				CODE_SIGN_STYLE = Manual;
				COMBINE_HIDPI_IMAGES = YES;
				DEVELOPMENT_ASSET_PATHS = "\"SecretAgent/Preview Content\"";
				DEVELOPMENT_TEAM = Z72PRUAWF6;
				ENABLE_HARDENED_RUNTIME = YES;
				ENABLE_PREVIEWS = YES;
				INFOPLIST_FILE = SecretAgent/Info.plist;
				LD_RUNPATH_SEARCH_PATHS = (
					"$(inherited)",
					"@executable_path/../Frameworks",
				);
				MACOSX_DEPLOYMENT_TARGET = 10.15;
				MARKETING_VERSION = 1;
				PRODUCT_BUNDLE_IDENTIFIER = com.maxgoedjen.Secretive.SecretAgent;
				PRODUCT_NAME = "$(TARGET_NAME)";
				PROVISIONING_PROFILE_SPECIFIER = "Secretive - Secret Agent";
				SWIFT_VERSION = 5.0;
			};
			name = Test;
		};
		508A5918241EF1A00069DC07 /* Test */ = {
			isa = XCBuildConfiguration;
			buildSettings = {
				CLANG_ENABLE_MODULES = YES;
				CODE_SIGN_IDENTITY = "-";
				CODE_SIGN_STYLE = Automatic;
				COMBINE_HIDPI_IMAGES = YES;
				CURRENT_PROJECT_VERSION = 1;
				DEFINES_MODULE = YES;
				DEVELOPMENT_TEAM = Z72PRUAWF6;
				DYLIB_COMPATIBILITY_VERSION = 1;
				DYLIB_CURRENT_VERSION = 1;
				DYLIB_INSTALL_NAME_BASE = "@rpath";
				INFOPLIST_FILE = SecretKit/Info.plist;
				INSTALL_PATH = "$(LOCAL_LIBRARY_DIR)/Frameworks";
				LD_RUNPATH_SEARCH_PATHS = (
					"$(inherited)",
					"@executable_path/../Frameworks",
					"@loader_path/Frameworks",
				);
				PRODUCT_BUNDLE_IDENTIFIER = com.maxgoedjen.Secretive.SecretKit;
				PRODUCT_NAME = "$(TARGET_NAME:c99extidentifier)";
				SKIP_INSTALL = YES;
				SWIFT_OPTIMIZATION_LEVEL = "-Onone";
				SWIFT_VERSION = 5.0;
				VERSIONING_SYSTEM = "apple-generic";
				VERSION_INFO_PREFIX = "";
			};
			name = Test;
		};
		508A5919241EF1A00069DC07 /* Test */ = {
			isa = XCBuildConfiguration;
			buildSettings = {
				ALWAYS_EMBED_SWIFT_STANDARD_LIBRARIES = YES;
				CODE_SIGN_IDENTITY = "-";
				CODE_SIGN_STYLE = Automatic;
				COMBINE_HIDPI_IMAGES = YES;
				DEVELOPMENT_TEAM = Z72PRUAWF6;
				INFOPLIST_FILE = SecretKitTests/Info.plist;
				LD_RUNPATH_SEARCH_PATHS = (
					"$(inherited)",
					"@executable_path/../Frameworks",
					"@loader_path/../Frameworks",
				);
				PRODUCT_BUNDLE_IDENTIFIER = com.maxgoedjen.SecretKitTests;
				PRODUCT_NAME = "$(TARGET_NAME)";
				SWIFT_VERSION = 5.0;
			};
			name = Test;
		};
		508A591A241EF1A00069DC07 /* Test */ = {
			isa = XCBuildConfiguration;
			buildSettings = {
				CLANG_ENABLE_MODULES = YES;
				CODE_SIGN_IDENTITY = "-";
				CODE_SIGN_STYLE = Automatic;
				COMBINE_HIDPI_IMAGES = YES;
				CURRENT_PROJECT_VERSION = 1;
				DEFINES_MODULE = YES;
				DEVELOPMENT_TEAM = Z72PRUAWF6;
				DYLIB_COMPATIBILITY_VERSION = 1;
				DYLIB_CURRENT_VERSION = 1;
				DYLIB_INSTALL_NAME_BASE = "@rpath";
				INFOPLIST_FILE = SecretAgentKit/Info.plist;
				INSTALL_PATH = "$(LOCAL_LIBRARY_DIR)/Frameworks";
				LD_RUNPATH_SEARCH_PATHS = (
					"$(inherited)",
					"@executable_path/../Frameworks",
					"@loader_path/Frameworks",
				);
				PRODUCT_BUNDLE_IDENTIFIER = com.maxgoedjen.SecretAgentKit;
				PRODUCT_NAME = "$(TARGET_NAME:c99extidentifier)";
				SKIP_INSTALL = YES;
				SWIFT_OPTIMIZATION_LEVEL = "-Onone";
				SWIFT_VERSION = 5.0;
				VERSIONING_SYSTEM = "apple-generic";
				VERSION_INFO_PREFIX = "";
			};
			name = Test;
		};
		508A591B241EF1A00069DC07 /* Test */ = {
			isa = XCBuildConfiguration;
			buildSettings = {
				ALWAYS_EMBED_SWIFT_STANDARD_LIBRARIES = YES;
				CODE_SIGN_IDENTITY = "-";
				COMBINE_HIDPI_IMAGES = YES;
				DEVELOPMENT_TEAM = Z72PRUAWF6;
				INFOPLIST_FILE = SecretAgentKitTests/Info.plist;
				LD_RUNPATH_SEARCH_PATHS = (
					"$(inherited)",
					"@executable_path/../Frameworks",
					"@loader_path/../Frameworks",
				);
				PRODUCT_BUNDLE_IDENTIFIER = com.maxgoedjen.SecretAgentKitTests;
				PRODUCT_NAME = "$(TARGET_NAME)";
				SWIFT_VERSION = 5.0;
			};
			name = Test;
		};
		5099A084240242BA0062B6F2 /* Debug */ = {
			isa = XCBuildConfiguration;
			buildSettings = {
				CLANG_ENABLE_MODULES = YES;
				CODE_SIGN_IDENTITY = "-";
				CODE_SIGN_STYLE = Automatic;
				COMBINE_HIDPI_IMAGES = YES;
				CURRENT_PROJECT_VERSION = 1;
				DEFINES_MODULE = YES;
				DEVELOPMENT_TEAM = Z72PRUAWF6;
				DYLIB_COMPATIBILITY_VERSION = 1;
				DYLIB_CURRENT_VERSION = 1;
				DYLIB_INSTALL_NAME_BASE = "@rpath";
				INFOPLIST_FILE = SecretAgentKit/Info.plist;
				INSTALL_PATH = "$(LOCAL_LIBRARY_DIR)/Frameworks";
				LD_RUNPATH_SEARCH_PATHS = (
					"$(inherited)",
					"@executable_path/../Frameworks",
					"@loader_path/Frameworks",
				);
				PRODUCT_BUNDLE_IDENTIFIER = com.maxgoedjen.SecretAgentKit;
				PRODUCT_NAME = "$(TARGET_NAME:c99extidentifier)";
				SKIP_INSTALL = YES;
				SWIFT_OPTIMIZATION_LEVEL = "-Onone";
				SWIFT_VERSION = 5.0;
				VERSIONING_SYSTEM = "apple-generic";
				VERSION_INFO_PREFIX = "";
			};
			name = Debug;
		};
		5099A085240242BA0062B6F2 /* Release */ = {
			isa = XCBuildConfiguration;
			buildSettings = {
				CLANG_ENABLE_MODULES = YES;
				CODE_SIGN_IDENTITY = "-";
				CODE_SIGN_STYLE = Automatic;
				COMBINE_HIDPI_IMAGES = YES;
				CURRENT_PROJECT_VERSION = 1;
				DEFINES_MODULE = YES;
				DEVELOPMENT_TEAM = Z72PRUAWF6;
				DYLIB_COMPATIBILITY_VERSION = 1;
				DYLIB_CURRENT_VERSION = 1;
				DYLIB_INSTALL_NAME_BASE = "@rpath";
				INFOPLIST_FILE = SecretAgentKit/Info.plist;
				INSTALL_PATH = "$(LOCAL_LIBRARY_DIR)/Frameworks";
				LD_RUNPATH_SEARCH_PATHS = (
					"$(inherited)",
					"@executable_path/../Frameworks",
					"@loader_path/Frameworks",
				);
				PRODUCT_BUNDLE_IDENTIFIER = com.maxgoedjen.SecretAgentKit;
				PRODUCT_NAME = "$(TARGET_NAME:c99extidentifier)";
				SKIP_INSTALL = YES;
				SWIFT_VERSION = 5.0;
				VERSIONING_SYSTEM = "apple-generic";
				VERSION_INFO_PREFIX = "";
			};
			name = Release;
		};
		5099A087240242BA0062B6F2 /* Debug */ = {
			isa = XCBuildConfiguration;
			buildSettings = {
				ALWAYS_EMBED_SWIFT_STANDARD_LIBRARIES = YES;
				COMBINE_HIDPI_IMAGES = YES;
				DEVELOPMENT_TEAM = Z72PRUAWF6;
				INFOPLIST_FILE = SecretAgentKitTests/Info.plist;
				LD_RUNPATH_SEARCH_PATHS = (
					"$(inherited)",
					"@executable_path/../Frameworks",
					"@loader_path/../Frameworks",
				);
				PRODUCT_BUNDLE_IDENTIFIER = com.maxgoedjen.SecretAgentKitTests;
				PRODUCT_NAME = "$(TARGET_NAME)";
				SWIFT_VERSION = 5.0;
			};
			name = Debug;
		};
		5099A088240242BA0062B6F2 /* Release */ = {
			isa = XCBuildConfiguration;
			buildSettings = {
				ALWAYS_EMBED_SWIFT_STANDARD_LIBRARIES = YES;
				COMBINE_HIDPI_IMAGES = YES;
				DEVELOPMENT_TEAM = Z72PRUAWF6;
				INFOPLIST_FILE = SecretAgentKitTests/Info.plist;
				LD_RUNPATH_SEARCH_PATHS = (
					"$(inherited)",
					"@executable_path/../Frameworks",
					"@loader_path/../Frameworks",
				);
				PRODUCT_BUNDLE_IDENTIFIER = com.maxgoedjen.SecretAgentKitTests;
				PRODUCT_NAME = "$(TARGET_NAME)";
				SWIFT_VERSION = 5.0;
			};
			name = Release;
		};
		50A3B79B24026B7600D209EA /* Debug */ = {
			isa = XCBuildConfiguration;
			buildSettings = {
				ASSETCATALOG_COMPILER_APPICON_NAME = AppIcon;
				CODE_SIGN_ENTITLEMENTS = SecretAgent/SecretAgent.entitlements;
				CODE_SIGN_STYLE = Automatic;
				COMBINE_HIDPI_IMAGES = YES;
				DEVELOPMENT_ASSET_PATHS = "\"SecretAgent/Preview Content\"";
				DEVELOPMENT_TEAM = Z72PRUAWF6;
				ENABLE_HARDENED_RUNTIME = YES;
				ENABLE_PREVIEWS = YES;
				INFOPLIST_FILE = SecretAgent/Info.plist;
				LD_RUNPATH_SEARCH_PATHS = (
					"$(inherited)",
					"@executable_path/../Frameworks",
				);
				MACOSX_DEPLOYMENT_TARGET = 10.15;
				MARKETING_VERSION = 1;
				PRODUCT_BUNDLE_IDENTIFIER = com.maxgoedjen.Secretive.SecretAgent;
				PRODUCT_NAME = "$(TARGET_NAME)";
				SWIFT_VERSION = 5.0;
			};
			name = Debug;
		};
		50A3B79C24026B7600D209EA /* Release */ = {
			isa = XCBuildConfiguration;
			buildSettings = {
				ASSETCATALOG_COMPILER_APPICON_NAME = AppIcon;
				CODE_SIGN_ENTITLEMENTS = SecretAgent/SecretAgent.entitlements;
				CODE_SIGN_IDENTITY = "Developer ID Application";
				CODE_SIGN_STYLE = Manual;
				COMBINE_HIDPI_IMAGES = YES;
				DEVELOPMENT_ASSET_PATHS = "\"SecretAgent/Preview Content\"";
				DEVELOPMENT_TEAM = Z72PRUAWF6;
				ENABLE_HARDENED_RUNTIME = YES;
				ENABLE_PREVIEWS = YES;
				INFOPLIST_FILE = SecretAgent/Info.plist;
				LD_RUNPATH_SEARCH_PATHS = (
					"$(inherited)",
					"@executable_path/../Frameworks",
				);
				MACOSX_DEPLOYMENT_TARGET = 10.15;
				MARKETING_VERSION = 1;
				PRODUCT_BUNDLE_IDENTIFIER = com.maxgoedjen.Secretive.SecretAgent;
				PRODUCT_NAME = "$(TARGET_NAME)";
				PROVISIONING_PROFILE_SPECIFIER = "Secretive - Secret Agent";
				SWIFT_VERSION = 5.0;
			};
			name = Release;
		};
/* End XCBuildConfiguration section */

/* Begin XCConfigurationList section */
		50617D7A23FCE48D0099B055 /* Build configuration list for PBXProject "Secretive" */ = {
			isa = XCConfigurationList;
			buildConfigurations = (
				50617D9B23FCE48E0099B055 /* Debug */,
				508A5914241EF1A00069DC07 /* Test */,
				50617D9C23FCE48E0099B055 /* Release */,
			);
			defaultConfigurationIsVisible = 0;
			defaultConfigurationName = Release;
		};
		50617D9D23FCE48E0099B055 /* Build configuration list for PBXNativeTarget "Secretive" */ = {
			isa = XCConfigurationList;
			buildConfigurations = (
				50617D9E23FCE48E0099B055 /* Debug */,
				508A5915241EF1A00069DC07 /* Test */,
				50617D9F23FCE48E0099B055 /* Release */,
			);
			defaultConfigurationIsVisible = 0;
			defaultConfigurationName = Release;
		};
		50617DA023FCE48E0099B055 /* Build configuration list for PBXNativeTarget "SecretiveTests" */ = {
			isa = XCConfigurationList;
			buildConfigurations = (
				50617DA123FCE48E0099B055 /* Debug */,
				508A5916241EF1A00069DC07 /* Test */,
				50617DA223FCE48E0099B055 /* Release */,
			);
			defaultConfigurationIsVisible = 0;
			defaultConfigurationName = Release;
		};
		50617DC423FCE4AB0099B055 /* Build configuration list for PBXNativeTarget "SecretKit" */ = {
			isa = XCConfigurationList;
			buildConfigurations = (
				50617DC023FCE4AB0099B055 /* Debug */,
				508A5918241EF1A00069DC07 /* Test */,
				50617DC123FCE4AB0099B055 /* Release */,
			);
			defaultConfigurationIsVisible = 0;
			defaultConfigurationName = Release;
		};
		50617DC523FCE4AB0099B055 /* Build configuration list for PBXNativeTarget "SecretKitTests" */ = {
			isa = XCConfigurationList;
			buildConfigurations = (
				50617DC223FCE4AB0099B055 /* Debug */,
				508A5919241EF1A00069DC07 /* Test */,
				50617DC323FCE4AB0099B055 /* Release */,
			);
			defaultConfigurationIsVisible = 0;
			defaultConfigurationName = Release;
		};
		5099A083240242BA0062B6F2 /* Build configuration list for PBXNativeTarget "SecretAgentKit" */ = {
			isa = XCConfigurationList;
			buildConfigurations = (
				5099A084240242BA0062B6F2 /* Debug */,
				508A591A241EF1A00069DC07 /* Test */,
				5099A085240242BA0062B6F2 /* Release */,
			);
			defaultConfigurationIsVisible = 0;
			defaultConfigurationName = Release;
		};
		5099A086240242BA0062B6F2 /* Build configuration list for PBXNativeTarget "SecretAgentKitTests" */ = {
			isa = XCConfigurationList;
			buildConfigurations = (
				5099A087240242BA0062B6F2 /* Debug */,
				508A591B241EF1A00069DC07 /* Test */,
				5099A088240242BA0062B6F2 /* Release */,
			);
			defaultConfigurationIsVisible = 0;
			defaultConfigurationName = Release;
		};
		50A3B79A24026B7600D209EA /* Build configuration list for PBXNativeTarget "SecretAgent" */ = {
			isa = XCConfigurationList;
			buildConfigurations = (
				50A3B79B24026B7600D209EA /* Debug */,
				508A5917241EF1A00069DC07 /* Test */,
				50A3B79C24026B7600D209EA /* Release */,
			);
			defaultConfigurationIsVisible = 0;
			defaultConfigurationName = Release;
		};
/* End XCConfigurationList section */
	};
	rootObject = 50617D7723FCE48D0099B055 /* Project object */;
}
